ъЙЯЯ°намд°єЯ°уогоет°ЂЙЯЯ°ловкеилд’дстион°єЯ≤ЂЙЯЯ°сдрфисдт°єЯусфдЂЙЯЯ°павкаждт°єЯъЙЯЯЯЯ°°єЯъЙЯЯЯЯЯЯ°гдх√дпднгднвидт°єЯъЙЯЯЯЯЯЯЯЯ°дтлину°єЯ°ЁЈ≠≤∞≠ѓ°ЂЙЯЯЯЯЯЯЯЯ°дтлинуђвонеижђпсдууидс°єЯ°ЁЈ≠µ≠ѓ°ЂЙЯЯЯЯЯЯЯЯ°псдууидс°єЯ°Ё±≠Ј≠∞°ЙЯЯЯЯЯЯьЙЯЯЯЯьЂЙЯЯЯЯ°ногдёмогфлдтЃњдтлинуЃдтлинусв°єЯъЙЯЯЯЯЯЯ°хдстион°єЯ°∞≠≥≠∞°ЂЙЯЯЯЯЯЯ°сдтолхдг°єЯ°зууптєЃЃсджитусш≠нпмйт≠осжЃњдтлинуЃдтлинусвЃђЃдтлинусвђ∞≠≥≠∞≠ужщ°ЂЙЯЯЯЯЯЯ°инуджсиуш°єЯ°тзаі∞±ђ„„с«Є‘аснѓтутшлгр√ЎрЈс™™м—ќм÷—»∞ч ћ„аµ≥ѓЅбЃЃ“Ў∞™ƒ¬Ў„µ’щ”µЋвчіес√ѓ’≤ѓ„идр…ѓо„Є»±„йіаоћјЉЉ°ЂЙЯЯЯЯЯЯ°гдх°єЯусфдЂЙЯЯЯЯЯЯ°гдпднгднвидт°єЯъЙЯЯЯЯЯЯЯЯ°айх°єЯ°Ёµ≠∞±≠≥°ЂЙЯЯЯЯЯЯЯЯ°гдбфж°єЯ°Ё≥≠≤≠±°ЂЙЯЯЯЯЯЯЯЯ°дтпсдд°єЯ°ЁЄ≠≥≠ѓ°ЂЙЯЯЯЯЯЯЯЯ°жлобалт°єЯ°Ё∞≤≠∞Є≠ѓ°ЂЙЯЯЯЯЯЯЯЯ°ижносд°єЯ°Ёі≠±≠ѓ°ЂЙЯЯЯЯЯЯЯЯ°импосуђесдтз°єЯ°Ё≤≠±≠∞°ЂЙЯЯЯЯЯЯЯЯ°йтђшамл°єЯ°Ё≥≠∞≠ѓ°ЂЙЯЯЯЯЯЯЯЯ°минимаувз°єЯ°Ё≤≠∞≠±°ЂЙЯЯЯЯЯЯЯЯ°тусипђйтонђвоммднут°єЯ°Ё≤≠∞≠∞°ЙЯЯЯЯЯЯьЂЙЯЯЯЯЯЯ°днжиндт°єЯъЙЯЯЯЯЯЯЯЯ°ногд°єЯ°Ё∞±≠±±≠ѓЯыыЯЁ∞≥≠∞ґ≠ѓЯыыЯљЉ∞µ≠ѓ≠ѓ°ЙЯЯЯЯЯЯьЂЙЯЯЯЯЯЯ°ефнгинж°єЯъЙЯЯЯЯЯЯЯЯ°фсл°єЯ°зууптєЃЃопднволлдвуихд≠вомЃдтлину°ЙЯЯЯЯЯЯьЙЯЯЯЯьЂЙЯЯЯЯ°ногдёмогфлдтЃњзфманцзовогдтЃвонеижђассаш°єЯъЙЯЯЯЯЯЯ°хдстион°єЯ°ѓ≠∞∞≠Ј°ЂЙЯЯЯЯЯЯ°сдтолхдг°єЯ°зууптєЃЃсджитусш≠нпмйт≠осжЃњзфманцзовогдтЃвонеижђассашЃђЃвонеижђассашђѓ≠∞∞≠Ј≠ужщ°ЂЙЯЯЯЯЯЯ°инуджсиуш°єЯ°тзаі∞±ђ‘шб«»…щ…н—і–вЃћт√Є с™—пќ±з™Ѓѕ∞∆зќцгиЋѕ„ і”÷кітж”гфЈЈб”√Є‘ѕ™¬ бѕѕзі—ни∞фѓ∆йјгЎ–Ћдм∆Јж™жЉЉ°ЂЙЯЯЯЯЯЯ°гдх°єЯусфдЂЙЯЯЯЯЯЯ°гдпднгднвидт°єЯъЙЯЯЯЯЯЯЯЯ°њзфманцзовогдтЃобйдвуђтвздма°єЯ°Ё∞≠±≠∞°ЂЙЯЯЯЯЯЯЯЯ°гдбфж°єЯ°Ё≥≠∞≠∞°ЂЙЯЯЯЯЯЯЯЯ°минимаувз°єЯ°Ё≤≠ѓ≠і°ЙЯЯЯЯЯЯьЂЙЯЯЯЯЯЯ°днжиндт°єЯъЙЯЯЯЯЯЯЯЯ°ногд°єЯ°љЉ∞ѓ≠∞ѓ≠ѓ°ЙЯЯЯЯЯЯьЙЯЯЯЯьЂЙЯЯЯЯ°ногдёмогфлдтЃњзфманцзовогдтЃмогфлдђимпосудс°єЯъЙЯЯЯЯЯЯ°хдстион°єЯ°∞≠ѓ≠∞°ЂЙЯЯЯЯЯЯ°сдтолхдг°єЯ°зууптєЃЃсджитусш≠нпмйт≠осжЃњзфманцзовогдтЃмогфлдђимпосудсЃђЃмогфлдђимпосудсђ∞≠ѓ≠∞≠ужщ°ЂЙЯЯЯЯЯЯ°инуджсиуш°єЯ°тзаі∞±ђбчхд’≥’ЈхіЎб≥нв≈””≤сѕ“жўЅќп¬кйе ѓш≥о’’’…ц»ф√’Ѕ—ћ√„сѕш„—ЋЄЈЈиіапЄмЄбншƒƒй÷емі÷кЅмуееЋејЉЉ°ЂЙЯЯЯЯЯЯ°гдх°єЯусфдЂЙЯЯЯЯЯЯ°днжиндт°єЯъЙЯЯЯЯЯЯЯЯ°ногд°єЯ°љЉ∞±≠±±°ЙЯЯЯЯЯЯьЂЙЯЯЯЯЯЯ°ефнгинж°єЯъЙЯЯЯЯЯЯЯЯ°ушпд°єЯ°жиузфб°ЂЙЯЯЯЯЯЯЯЯ°фсл°єЯ°зууптєЃЃжиузфб≠вомЃтпонтостЃнщакат°ЙЯЯЯЯЯЯьЙЯЯЯЯьЂЙЯЯЯЯ°ногдёмогфлдтЃњзфманцзовогдтЃобйдвуђтвздма°єЯъЙЯЯЯЯЯЯ°хдстион°єЯ°∞≠±≠∞°ЂЙЯЯЯЯЯЯ°сдтолхдг°єЯ°зууптєЃЃсджитусш≠нпмйт≠осжЃњзфманцзовогдтЃобйдвуђтвздмаЃђЃобйдвуђтвздмађ∞≠±≠∞≠ужщ°ЂЙЯЯЯЯЯЯ°инуджсиуш°єЯ°тзаі∞±ђўн–ћнЋ’≥дґз√л‘хцЈ«™‘Јј“Ћѓ±““±∆нµ™Єјв≤ц∆∆Ћ»дґ™йд±јдјќчѕЎ™ищ»ѕ…√е≈√бґд√йдхѓ‘тЈћќ∞и≈—ЌЈзјЉЉ°ЂЙЯЯЯЯЯЯ°гдх°єЯусфдЙЯЯЯЯьЂЙЯЯЯЯ°ногдёмогфлдтЃњногдлибЃет≠твангис°єЯъЙЯЯЯЯЯЯ°хдстион°єЯ°±≠∞≠і°ЂЙЯЯЯЯЯЯ°сдтолхдг°єЯ°зууптєЃЃсджитусш≠нпмйт≠осжЃњногдлибЃет≠твангисЃђЃет≠твангисђ±≠∞≠і≠ужщ°ЂЙЯЯЯЯЯЯ°инуджсиуш°єЯ°тзаі∞±ђхр±≥Ѕр≤шмі«ƒ–м±Ќ ¬с≤ш„√цйвґх”тƒ”з—√нкп±√ Єп∞фрЋ—™√«фсмЃЌќ”оѓ ∆ґ«Ў«‘ґдпп ўй≤ћшрЎфћЅеµ±жЉЉ°ЂЙЯЯЯЯЯЯ°гдх°єЯусфдЂЙЯЯЯЯЯЯ°гдпднгднвидт°єЯъЙЯЯЯЯЯЯЯЯ°њногдлибЃет≠туау°єЯ°±≠ѓ≠і°ЂЙЯЯЯЯЯЯЯЯ°сфнђпасаллдл°єЯ°Ё∞≠∞≠Є°ЙЯЯЯЯЯЯьЂЙЯЯЯЯЯЯ°днжиндт°єЯъЙЯЯЯЯЯЯЯЯ°ногд°єЯ°љЉЯЈ°ЙЯЯЯЯЯЯьЙЯЯЯЯьЂЙЯЯЯЯ°ногдёмогфлдтЃњногдлибЃет≠туау°єЯъЙЯЯЯЯЯЯ°хдстион°єЯ°±≠ѓ≠і°ЂЙЯЯЯЯЯЯ°сдтолхдг°єЯ°зууптєЃЃсджитусш≠нпмйт≠осжЃњногдлибЃет≠туауЃђЃет≠туауђ±≠ѓ≠і≠ужщ°ЂЙЯЯЯЯЯЯ°инуджсиуш°єЯ°тзаі∞±ђ—кзѕѕп±щср√ј–јЃ±йЌзнщувѕјлхµ≥„гз»пґаґ≥і≥јіох»ґЅфкчжуґћ„ґфгцјф≤щж∞√впѕ‘ѓсщ≤’’∞“дархЎ≥™јЉЉ°ЂЙЯЯЯЯЯЯ°гдх°єЯусфдЂЙЯЯЯЯЯЯ°днжиндт°єЯъЙЯЯЯЯЯЯЯЯ°ногд°єЯ°љЉЯЈ°ЙЯЯЯЯЯЯьЙЯЯЯЯьЂЙЯЯЯЯ°ногдёмогфлдтЃњногдлибЃет≠цалк°єЯъЙЯЯЯЯЯЯ°хдстион°єЯ°∞≠±≠Ј°ЂЙЯЯЯЯЯЯ°сдтолхдг°єЯ°зууптєЃЃсджитусш≠нпмйт≠осжЃњногдлибЃет≠цалкЃђЃет≠цалкђ∞≠±≠Ј≠ужщ°ЂЙЯЯЯЯЯЯ°инуджсиуш°єЯ°тзаі∞±ђо∆Ѕ™‘члж÷вж–кжцоЈ∆вƒ∆цдмо”≈у≤≈»ќЄабабЅма∆ц„»оЅ ў™∆”шѓпѕ∞Јібд∆жґЋлизЃЌ“«“’±„јт∞лнщнов“жЉЉ°ЂЙЯЯЯЯЯЯ°гдх°єЯусфдЂЙЯЯЯЯЯЯ°гдпднгднвидт°єЯъЙЯЯЯЯЯЯЯЯ°њногдлибЃет≠твангис°єЯ°±≠∞≠і°ЂЙЯЯЯЯЯЯЯЯ°еатур°єЯ°Ё∞≠µ≠ѓ°ЙЯЯЯЯЯЯьЂЙЯЯЯЯЯЯ°днжиндт°єЯъЙЯЯЯЯЯЯЯЯ°ногд°єЯ°љЉЯЈ°ЙЯЯЯЯЯЯьЙЯЯЯЯьЂЙЯЯЯЯ°ногдёмогфлдтЃавосн°єЯъЙЯЯЯЯЯЯ°хдстион°єЯ°Ј≠Ј≠∞°ЂЙЯЯЯЯЯЯ°сдтолхдг°єЯ°зууптєЃЃсджитусш≠нпмйт≠осжЃавоснЃђЃавоснђЈ≠Ј≠∞≠ужщ°ЂЙЯЯЯЯЯЯ°инуджсиуш°єЯ°тзаі∞±ђґщ≈п«щзнрЎ скЎг‘й≈∞«»∞бщгѓ’шжƒ∆„Јл≈к≥кіщ’ћр«ƒоƒ“™ѕ™ґ” »™ƒхЋќЄ÷’ћ…Јддкгќѓа√ƒ ѓ≥≥ч”„цѕѕјЉЉ°ЂЙЯЯЯЯЯЯ°гдх°єЯусфдЂЙЯЯЯЯЯЯ°бин°єЯъЙЯЯЯЯЯЯЯЯ°авосн°єЯ°бинЃавосн°ЙЯЯЯЯЯЯьЂЙЯЯЯЯЯЯ°днжиндт°єЯъЙЯЯЯЯЯЯЯЯ°ногд°єЯ°љЉѓ≠≥≠ѓ°ЙЯЯЯЯЯЯьЙЯЯЯЯьЂЙЯЯЯЯ°ногдёмогфлдтЃавоснђйтч°єЯъЙЯЯЯЯЯЯ°хдстион°єЯ°і≠≤≠±°ЂЙЯЯЯЯЯЯ°сдтолхдг°єЯ°зууптєЃЃсджитусш≠нпмйт≠осжЃавоснђйтчЃђЃавоснђйтчђі≠≤≠±≠ужщ°ЂЙЯЯЯЯЯЯ°инуджсиуш°єЯ°тзаі∞±ђсрЄт™…Ќзеѓ»¬зйу√„члл…ґж≥∞оўкі“л„упѓЋ«цшјівдйцнґх м п≥пѕсиµЎƒдѕх±ѕ‘µітјтджб„у»инм√≈√„ж–ЉЉ°ЂЙЯЯЯЯЯЯ°гдх°єЯусфдЂЙЯЯЯЯЯЯ°пддс√дпднгднвидт°єЯъЙЯЯЯЯЯЯЯЯ°авосн°єЯ°Ёµ≠ѓ≠ѓЯыыЯЁґ≠ѓ≠ѓЯыыЯЁЈ≠ѓ≠ѓ°ЙЯЯЯЯЯЯьЙЯЯЯЯьЂЙЯЯЯЯ°ногдёмогфлдтЃайх°єЯъЙЯЯЯЯЯЯ°хдстион°єЯ°µ≠∞±≠µ°ЂЙЯЯЯЯЯЯ°сдтолхдг°єЯ°зууптєЃЃсджитусш≠нпмйт≠осжЃайхЃђЃайхђµ≠∞±≠µ≠ужщ°ЂЙЯЯЯЯЯЯ°инуджсиуш°єЯ°тзаі∞±ђй≤е’Ћжх”оі±ґаншЎш…ќ∆”Ў…б∆™хнн–Ўхƒѓміммкв∞” ™нчјппк¬Ћћ»Ћѓаў≥гбл’¬Ќо∆“ззм™кщƒ≥ў‘шкЅоћж≥жЉЉ°ЂЙЯЯЯЯЯЯ°гдх°єЯусфдЂЙЯЯЯЯЯЯ°гдпднгднвидт°єЯъЙЯЯЯЯЯЯЯЯ°еатуђгддпђдрфал°єЯ°Ё≤≠∞≠∞°ЂЙЯЯЯЯЯЯЯЯ°еатуђйтонђтуаблдђтусинжиеш°єЯ°Ё±≠ѓ≠ѓ°ЂЙЯЯЯЯЯЯЯЯ°йтонђтвздмађусахдстд°єЯ°Ёѓ≠≥≠∞°ЂЙЯЯЯЯЯЯЯЯ°фсиђйт°єЯ°Ё≥≠±≠±°ЙЯЯЯЯЯЯьЂЙЯЯЯЯЯЯ°ефнгинж°єЯъЙЯЯЯЯЯЯЯЯ°ушпд°єЯ°жиузфб°ЂЙЯЯЯЯЯЯЯЯ°фсл°єЯ°зууптєЃЃжиузфб≠вомЃтпонтостЃдпобдсдщкин°ЙЯЯЯЯЯЯьЙЯЯЯЯьЂЙЯЯЯЯ°ногдёмогфлдтЃантиђсдждч°єЯъЙЯЯЯЯЯЯ°хдстион°єЯ°і≠ѓ≠∞°ЂЙЯЯЯЯЯЯ°сдтолхдг°єЯ°зууптєЃЃсджитусш≠нпмйт≠осжЃантиђсдждчЃђЃантиђсдждчђі≠ѓ≠∞≠ужщ°ЂЙЯЯЯЯЯЯ°инуджсиуш°єЯ°тзаі∞±ђрф…–„л”“‘∆Ћ±Ћ«Є“‘„оЈ’цтЎ≥тоанзжоµЋЌ“мЈ≥ƒ∞ЋЅвƒЈт≤ќѓцпги—щш—ЄщЃўў…ћлћ÷х≤ґрќќбЄпг…лћ‘ƒ ≈–ЉЉ°ЂЙЯЯЯЯЯЯ°гдх°єЯусфдЂЙЯЯЯЯЯЯ°днжиндт°єЯъЙЯЯЯЯЯЯЯЯ°ногд°єЯ°љЉЈ°ЙЯЯЯЯЯЯьЙЯЯЯЯьЂЙЯЯЯЯ°ногдёмогфлдтЃантиђтушлдт°єЯъЙЯЯЯЯЯЯ°хдстион°єЯ°≥≠≤≠ѓ°ЂЙЯЯЯЯЯЯ°сдтолхдг°єЯ°зууптєЃЃсджитусш≠нпмйт≠осжЃантиђтушлдтЃђЃантиђтушлдтђ≥≠≤≠ѓ≠ужщ°ЂЙЯЯЯЯЯЯ°инуджсиуш°єЯ°тзаі∞±ђщбЅЄс¬…ј”∞сбйи’√б±зр ≈«ЌЎЋчжукЈЌ‘—чў≤»ўц√≤≈µЌучб„ў–¬нн“и∞Ћкч™»√озгѕл≈п±±±ц’јЋ»здў…–“ƒжЉЉ°ЂЙЯЯЯЯЯЯ°гдх°єЯусфдЂЙЯЯЯЯЯЯ°гдпднгднвидт°єЯъЙЯЯЯЯЯЯЯЯ°волосђвонхдсу°єЯ°Ё±≠ѓ≠∞°ЙЯЯЯЯЯЯьЂЙЯЯЯЯЯЯ°днжиндт°єЯъЙЯЯЯЯЯЯЯЯ°ногд°єЯ°љЉЈ°ЙЯЯЯЯЯЯьЂЙЯЯЯЯЯЯ°ефнгинж°єЯъЙЯЯЯЯЯЯЯЯ°фсл°єЯ°зууптєЃЃжиузфб≠вомЃвзалкЃантиђтушлдтЊтпонтосЉ∞°ЙЯЯЯЯЯЯьЙЯЯЯЯьЂЙЯЯЯЯ°ногдёмогфлдтЃасжпастд°єЯъЙЯЯЯЯЯЯ°хдстион°єЯ°±≠ѓ≠∞°ЂЙЯЯЯЯЯЯ°сдтолхдг°єЯ°зууптєЃЃсджитусш≠нпмйт≠осжЃасжпастдЃђЃасжпастдђ±≠ѓ≠∞≠ужщ°ЂЙЯЯЯЯЯЯ°инуджсиуш°єЯ°тзаі∞±ђЈ™Є÷рдбб≈щп„Єќ—™÷аµќ±Єат»ожд—ћщв∆уј»Ќгпћ««шјж∞ѓеѓіа“≈’Ѕбвƒр∆еЃѕ„ц∞ƒйјў™р±ЃбƒЅж≤√хфс ≤–ЉЉ°ЂЙЯЯЯЯЯЯ°гдх°єЯусфдЙЯЯЯЯьЂЙЯЯЯЯ°ногдёмогфлдтЃбаланвдгђмаувз°єЯъЙЯЯЯЯЯЯ°хдстион°єЯ°∞≠ѓ≠±°ЂЙЯЯЯЯЯЯ°сдтолхдг°єЯ°зууптєЃЃсджитусш≠нпмйт≠осжЃбаланвдгђмаувзЃђЃбаланвдгђмаувзђ∞≠ѓ≠±≠ужщ°ЂЙЯЯЯЯЯЯ°инуджсиуш°єЯ°тзаі∞±ђ≤о“д‘ќѓ”ћ’µґзЌ∞јмб„т ≥шар‘ґуйи«лбч—√ўќп«ѓ ÷Є™¬д„≥б—ја„ѓјнчуѓуч±ћсп—п÷ц–аѕц»л»“ƒ…зЎ‘іѕцЉЉ°ЂЙЯЯЯЯЯЯ°гдх°єЯусфдЙЯЯЯЯьЂЙЯЯЯЯ°ногдёмогфлдтЃбсавдђдчпантион°єЯъЙЯЯЯЯЯЯ°хдстион°єЯ°∞≠∞≠∞∞°ЂЙЯЯЯЯЯЯ°сдтолхдг°єЯ°зууптєЃЃсджитусш≠нпмйт≠осжЃбсавдђдчпантионЃђЃбсавдђдчпантионђ∞≠∞≠∞∞≠ужщ°ЂЙЯЯЯЯЯЯ°инуджсиуш°єЯ°тзаі∞±ђи¬фѕ«√≈жс«„ґ«±хƒ»Ѓічпщѓґщ“«Ѕѓѓ”пфжрзмЎу’мћќµі∞Јм¬ф—ћоќЎ≈лгƒЅлѓж∞Јґфеощга«ж÷ вЎ≈бµ∞р∆ијЉЉ°ЂЙЯЯЯЯЯЯ°гдх°єЯусфдЂЙЯЯЯЯЯЯ°гдпднгднвидт°єЯъЙЯЯЯЯЯЯЯЯ°баланвдгђмаувз°єЯ°Ё∞≠ѓ≠ѓ°ЂЙЯЯЯЯЯЯЯЯ°вонвауђмап°єЯ°ѓ≠ѓ≠∞°ЙЯЯЯЯЯЯьЙЯЯЯЯьЂЙЯЯЯЯ°ногдёмогфлдтЃваллтиудт°єЯъЙЯЯЯЯЯЯ°хдстион°єЯ°≤≠∞≠ѓ°ЂЙЯЯЯЯЯЯ°сдтолхдг°єЯ°зууптєЃЃсджитусш≠нпмйт≠осжЃваллтиудтЃђЃваллтиудтђ≤≠∞≠ѓ≠ужщ°ЂЙЯЯЯЯЯЯ°инуджсиуш°єЯ°тзаі∞±ђѕЈЅйјт„хў“™’»√‘»∞∞з«¬–ƒхґ≥Ў”µґЎ‘иі……≈Ќ÷»рЋ±≤ітЅмй„≥™рчЄћфхлтіихшЌƒЌвуч≥µч–Ћ–≤а”фƒґтта–ЉЉ°ЂЙЯЯЯЯЯЯ°гдх°єЯусфдЂЙЯЯЯЯЯЯ°днжиндт°єЯъЙЯЯЯЯЯЯЯЯ°ногд°єЯ°љЉµ°ЙЯЯЯЯЯЯьЙЯЯЯЯьЂЙЯЯЯЯ°ногдёмогфлдтЃвзалк°єЯъЙЯЯЯЯЯЯ°хдстион°єЯ°≥≠∞≠±°ЂЙЯЯЯЯЯЯ°сдтолхдг°єЯ°зууптєЃЃсджитусш≠нпмйт≠осжЃвзалкЃђЃвзалкђ≥≠∞≠±≠ужщ°ЂЙЯЯЯЯЯЯ°инуджсиуш°єЯ°тзаі∞±ђо нбз≈ш—»„п‘фдщЈиЅћмшƒа≥нбй≥»ќ–шфзвЃцшЄкЎґЃ÷’ѕвц»ќЄ’јµµЈѕфЈ—кќґ™ѓ∆ґµ“Ћ—ќдшцЄ¬п–ѓµ∞и≥мјЉЉ°ЂЙЯЯЯЯЯЯ°гдх°єЯусфдЂЙЯЯЯЯЯЯ°гдпднгднвидт°єЯъЙЯЯЯЯЯЯЯЯ°антиђтушлдт°єЯ°Ё≥≠∞≠ѓ°ЂЙЯЯЯЯЯЯЯЯ°тфппосутђволос°єЯ°Ёґ≠∞≠ѓ°ЙЯЯЯЯЯЯьЂЙЯЯЯЯЯЯ°днжиндт°єЯъЙЯЯЯЯЯЯЯЯ°ногд°єЯ°љЉ∞ѓ°ЙЯЯЯЯЯЯьЂЙЯЯЯЯЯЯ°ефнгинж°єЯъЙЯЯЯЯЯЯЯЯ°фсл°єЯ°зууптєЃЃжиузфб≠вомЃвзалкЃвзалкЊтпонтосЉ∞°ЙЯЯЯЯЯЯьЙЯЯЯЯьЂЙЯЯЯЯ°ногдёмогфлдтЃволосђвонхдсу°єЯъЙЯЯЯЯЯЯ°хдстион°єЯ°±≠ѓ≠∞°ЂЙЯЯЯЯЯЯ°сдтолхдг°єЯ°зууптєЃЃсджитусш≠нпмйт≠осжЃволосђвонхдсуЃђЃволосђвонхдсуђ±≠ѓ≠∞≠ужщ°ЂЙЯЯЯЯЯЯ°инуджсиуш°єЯ°тзаі∞±ђ——ƒ¬ѕтйґифЃчбіо Ўвт≈«“пп≈ЌнтйЃі±ќ’”— б≥щѕіон„ц’≈≤щ’мм”оЌвќе∆¬™¬—√пе Ѓ‘іЈ≥ећж≤Јў«¬аƒл –ЉЉ°ЂЙЯЯЯЯЯЯ°гдх°єЯусфдЂЙЯЯЯЯЯЯ°гдпднгднвидт°єЯъЙЯЯЯЯЯЯЯЯ°волосђнамд°єЯ°э∞≠∞≠≥°ЙЯЯЯЯЯЯьЂЙЯЯЯЯЯЯ°днжиндт°єЯъЙЯЯЯЯЯЯЯЯ°ногд°єЯ°љЉґ≠ѓ≠ѓ°ЙЯЯЯЯЯЯьЙЯЯЯЯьЂЙЯЯЯЯ°ногдёмогфлдтЃволосђнамд°єЯъЙЯЯЯЯЯЯ°хдстион°єЯ°∞≠∞≠≥°ЂЙЯЯЯЯЯЯ°сдтолхдг°єЯ°зууптєЃЃсджитусш≠нпмйт≠осжЃволосђнамдЃђЃволосђнамдђ∞≠∞≠≥≠ужщ°ЂЙЯЯЯЯЯЯ°инуджсиуш°єЯ°тзаі∞±ђгќш™≤јф÷≤а±цЌбў«»фћўп”вжй∆фЋ‘ЃфЅЋЃфбвў≈Єќ„б√оЈее≥ќЈш’піЅеѓде“ЈфƒоЎоір≥≈чґгЎЄќж–∆„жјт–јЉЉ°ЂЙЯЯЯЯЯЯ°гдх°єЯусфдЙЯЯЯЯьЂЙЯЯЯЯ°ногдёмогфлдтЃвонвауђмап°єЯъЙЯЯЯЯЯЯ°хдстион°єЯ°ѓ≠ѓ≠∞°ЂЙЯЯЯЯЯЯ°сдтолхдг°єЯ°зууптєЃЃсджитусш≠нпмйт≠осжЃвонвауђмапЃђЃвонвауђмапђѓ≠ѓ≠∞≠ужщ°ЂЙЯЯЯЯЯЯ°инуджсиуш°єЯ°тзаі∞±ђЃ“сх≥гтцш–ЌЅеоз∆пщЄоµЎб≤∆щ≤“с‘√рЅ«іс”фз∆—ґазулбЎ н’чц±б¬≈ћ—лйајґƒ„«а„ўЈцт«гог≈хбкз мржЉЉ°ЂЙЯЯЯЯЯЯ°гдх°єЯусфдЙЯЯЯЯьЂЙЯЯЯЯ°ногдёмогфлдтЃвсоттђтпацн°єЯъЙЯЯЯЯЯЯ°хдстион°єЯ°ґ≠ѓ≠≤°ЂЙЯЯЯЯЯЯ°сдтолхдг°єЯ°зууптєЃЃсджитусш≠нпмйт≠осжЃвсоттђтпацнЃђЃвсоттђтпацнђґ≠ѓ≠≤≠ужщ°ЂЙЯЯЯЯЯЯ°инуджсиуш°єЯ°тзаі∞±ђи—√ѕ… ‘ѕ’ƒЌ√ґг«ѕќЈскбќнѕпш√шжв√≈у÷йпд÷Ќ¬жшЈ÷ѕ±с„вч„ЋЈ”тк—д–лµќсЅ±∆ґ™‘…сажт∞р∞і≈фгвґ∆µцЉЉ°ЂЙЯЯЯЯЯЯ°гдх°єЯусфдЂЙЯЯЯЯЯЯ°гдпднгднвидт°єЯъЙЯЯЯЯЯЯЯЯ°паузђкдш°єЯ°Ё≤≠∞≠ѓ°ЂЙЯЯЯЯЯЯЯЯ°тздбанжђвомманг°єЯ°Ё±≠ѓ≠ѓ°ЂЙЯЯЯЯЯЯЯЯ°цзивз°єЯ°Ё±≠ѓ≠∞°ЙЯЯЯЯЯЯьЂЙЯЯЯЯЯЯ°днжиндт°єЯъЙЯЯЯЯЯЯЯЯ°ногд°єЯ°љЉЯЈ°ЙЯЯЯЯЯЯьЙЯЯЯЯьЂЙЯЯЯЯ°ногдёмогфлдтЃгдбфж°єЯъЙЯЯЯЯЯЯ°хдстион°єЯ°≥≠≤≠≥°ЂЙЯЯЯЯЯЯ°сдтолхдг°єЯ°зууптєЃЃсджитусш≠нпмйт≠осжЃгдбфжЃђЃгдбфжђ≥≠≤≠≥≠ужщ°ЂЙЯЯЯЯЯЯ°инуджсиуш°єЯ°тзаі∞±ђѕ—÷≈«ф“‘≤д√у–…ѕхнЌЎґ…вкду∞йѓуіќфќт≈щѕѕщтдк√і±ўлЈр‘е≈»ѕƒитц„р»х«÷∆’«ќж„™ґ∆Ѓх¬ЌЌздзцчек–ЉЉ°ЂЙЯЯЯЯЯЯ°гдх°єЯусфдЂЙЯЯЯЯЯЯ°гдпднгднвидт°єЯъЙЯЯЯЯЯЯЯЯ°мт°єЯ°±≠∞≠±°ЙЯЯЯЯЯЯьЂЙЯЯЯЯЯЯ°днжиндт°єЯъЙЯЯЯЯЯЯЯЯ°ногд°єЯ°љЉµ≠ѓ°ЙЯЯЯЯЯЯьЂЙЯЯЯЯЯЯ°пддс√дпднгднвидтћдуа°єЯъЙЯЯЯЯЯЯЯЯ°тфппосутђволос°єЯъЙЯЯЯЯЯЯЯЯЯЯ°опуионал°єЯусфдЙЯЯЯЯЯЯЯЯьЙЯЯЯЯЯЯьЙЯЯЯЯьЂЙЯЯЯЯ°ногдёмогфлдтЃгддпђит°єЯъЙЯЯЯЯЯЯ°хдстион°єЯ°ѓ≠∞≠≥°ЂЙЯЯЯЯЯЯ°сдтолхдг°єЯ°зууптєЃЃсджитусш≠нпмйт≠осжЃгддпђитЃђЃгддпђитђѓ≠∞≠≥≠ужщ°ЂЙЯЯЯЯЯЯ°инуджсиуш°єЯ°тзаі∞±ђо»ѕщктм”ж≥ЃћсииаЎ∆ќ™ок„√”ґщунЃц≤ƒпухЃ™ж“»гћг т…оѓф≥¬еЎЌ≈…ѕш™≥“ ћф¬р∆ц±цчнј™‘—ћж≤уЈаЃб–ЉЉ°ЂЙЯЯЯЯЯЯ°гдх°єЯусфдЙЯЯЯЯьЂЙЯЯЯЯ°ногдёмогфлдтЃговусинд°єЯъЙЯЯЯЯЯЯ°хдстион°єЯ°≤≠ѓ≠ѓ°ЂЙЯЯЯЯЯЯ°сдтолхдг°єЯ°зууптєЃЃсджитусш≠нпмйт≠осжЃговусиндЃђЃговусиндђ≤≠ѓ≠ѓ≠ужщ°ЂЙЯЯЯЯЯЯ°инуджсиуш°єЯ°тзаі∞±ђш“™–іи≤зЅеґ∆Ѕкг≥ ∆ЈаґдЅЌЌ÷Ќ∆Ћ”аƒццЎ÷‘ий»ЎћґщслЎ√ћѓЅ≈„«ййѕ÷л÷ў∞—жґ‘аггўд»√миЄй≈≤«мри–±цЉЉ°ЂЙЯЯЯЯЯЯ°гдх°єЯусфдЂЙЯЯЯЯЯЯ°гдпднгднвидт°єЯъЙЯЯЯЯЯЯЯЯ°дтфуилт°єЯ°Ё±≠ѓ≠±°ЙЯЯЯЯЯЯьЂЙЯЯЯЯЯЯ°днжиндт°єЯъЙЯЯЯЯЯЯЯЯ°ногд°єЯ°љЉµ≠ѓ≠ѓ°ЙЯЯЯЯЯЯьЙЯЯЯЯьЂЙЯЯЯЯ°ногдёмогфлдтЃдтвапдђтусинжђсдждчп°єЯъЙЯЯЯЯЯЯ°хдстион°єЯ°≥≠ѓ≠ѓ°ЂЙЯЯЯЯЯЯ°сдтолхдг°єЯ°зууптєЃЃсджитусш≠нпмйт≠осжЃдтвапдђтусинжђсдждчпЃђЃдтвапдђтусинжђсдждчпђ≥≠ѓ≠ѓ≠ужщ°ЂЙЯЯЯЯЯЯ°инуджсиуш°єЯ°тзаі∞±ђ”упвЌ…≤„јщч≤∆рЈт÷—щ…а’ай—тѓф’чј±Ўјкгб∞йм±Ўкѕщ≥∆µдж‘≈јшј≤ніхуƒ»ўдеѕкі÷а≥‘„б ф“іе к…÷гжјЉЉ°ЂЙЯЯЯЯЯЯ°гдх°єЯусфдЂЙЯЯЯЯЯЯ°днжиндт°єЯъЙЯЯЯЯЯЯЯЯ°ногд°єЯ°љЉ∞ѓ°ЙЯЯЯЯЯЯьЂЙЯЯЯЯЯЯ°ефнгинж°єЯъЙЯЯЯЯЯЯЯЯ°фсл°єЯ°зууптєЃЃжиузфб≠вомЃтпонтостЃтингсдтосзфт°ЙЯЯЯЯЯЯьЙЯЯЯЯьЂЙЯЯЯЯ°ногдёмогфлдтЃдтлину°єЯъЙЯЯЯЯЯЯ°хдстион°єЯ°Ј≠≤∞≠ѓ°ЂЙЯЯЯЯЯЯ°сдтолхдг°єЯ°зууптєЃЃсджитусш≠нпмйт≠осжЃдтлинуЃђЃдтлинуђЈ≠≤∞≠ѓ≠ужщ°ЂЙЯЯЯЯЯЯ°инуджсиуш°єЯ°тзаі∞±ђѓу––ƒ’гмѕў∞‘у‘ „й„ґƒћмЄЅлж…ѓЈ∆Єѓ»з÷зѓѕ √¬б≤ўЋтжјќ«»ЈеЎ“»щЎ’ўдйЄ±щтжр™еуѓ≈∆тчз…≤чо±убфјЉЉ°ЂЙЯЯЯЯЯЯ°гдх°єЯусфдЂЙЯЯЯЯЯЯ°гдпднгднвидт°єЯъЙЯЯЯЯЯЯЯЯ°њдтлинуЃдтлинусв°єЯ°Ё∞≠≥≠∞°ЂЙЯЯЯЯЯЯЯЯ°њзфманцзовогдтЃвонеижђассаш°єЯ°Ёѓ≠∞∞≠Ј°ЂЙЯЯЯЯЯЯЯЯ°њзфманцзовогдтЃмогфлдђимпосудс°єЯ°Ё∞≠ѓ≠∞°ЂЙЯЯЯЯЯЯЯЯ°њногдлибЃет≠цалк°єЯ°Ё∞≠±≠Ј°ЂЙЯЯЯЯЯЯЯЯ°айх°єЯ°Ёµ≠∞ѓ≠ѓ°ЂЙЯЯЯЯЯЯЯЯ°взалк°єЯ°Ё≥≠ѓ≠ѓ°ЂЙЯЯЯЯЯЯЯЯ°всоттђтпацн°єЯ°Ёґ≠ѓ≠±°ЂЙЯЯЯЯЯЯЯЯ°гдбфж°єЯ°Ё≥≠≤≠±°ЂЙЯЯЯЯЯЯЯЯ°говусинд°єЯ°Ё≤≠ѓ≠ѓ°ЂЙЯЯЯЯЯЯЯЯ°дтвапдђтусинжђсдждчп°єЯ°Ё≥≠ѓ≠ѓ°ЂЙЯЯЯЯЯЯЯЯ°дтлинуђтвопд°єЯ°Ёґ≠∞≠∞°ЂЙЯЯЯЯЯЯЯЯ°дтлинуђфуилт°єЯ°Ё≤≠ѓ≠ѓ°ЂЙЯЯЯЯЯЯЯЯ°дтлинуђхитиуосђкдшт°єЯ°Ё≤≠≤≠ѓ°ЂЙЯЯЯЯЯЯЯЯ°дтпсдд°єЯ°ЁЄ≠≥≠ѓ°ЂЙЯЯЯЯЯЯЯЯ°дтрфдсш°єЯ°Ё∞≠≥≠ѓ°ЂЙЯЯЯЯЯЯЯЯ°дтфуилт°єЯ°Ё±≠ѓ≠±°ЂЙЯЯЯЯЯЯЯЯ°еатуђгддпђдрфал°єЯ°Ё≤≠∞≠≤°ЂЙЯЯЯЯЯЯЯЯ°еилдђднусшђвавзд°єЯ°Ёµ≠ѓ≠∞°ЂЙЯЯЯЯЯЯЯЯ°еингђфп°єЯ°Ёі≠ѓ≠ѓ°ЂЙЯЯЯЯЯЯЯЯ°жлобђпасдну°єЯ°Ёµ≠ѓ≠±°ЂЙЯЯЯЯЯЯЯЯ°жлобалт°єЯ°Ё∞≤≠∞Є≠ѓ°ЂЙЯЯЯЯЯЯЯЯ°жсапздмдђтплиуудс°єЯ°Ё∞≠ѓ≠≥°ЂЙЯЯЯЯЯЯЯЯ°ижносд°єЯ°Ёі≠±≠ѓ°ЂЙЯЯЯЯЯЯЯЯ°импосуђесдтз°єЯ°Ё≤≠ѓ≠ѓ°ЂЙЯЯЯЯЯЯЯЯ°имфсмфсзатз°єЯ°Ёѓ≠∞≠≥°ЂЙЯЯЯЯЯЯЯЯ°итђжлоб°єЯ°Ё≥≠ѓ≠ѓ°ЂЙЯЯЯЯЯЯЯЯ°итђпаузђинтигд°єЯ°Ё≤≠ѓ≠≤°ЂЙЯЯЯЯЯЯЯЯ°йтђтгтл°єЯ°Ё≥≠∞≠≥°ЂЙЯЯЯЯЯЯЯЯ°йтђшамл°єЯ°Ё≥≠∞≠ѓ°ЂЙЯЯЯЯЯЯЯЯ°йтонђтуаблдђтусинжиешђциузофуђйтониеш°єЯ°Ё∞≠ѓ≠∞°ЂЙЯЯЯЯЯЯЯЯ°лдхн°єЯ°Ёѓ≠≥≠∞°ЂЙЯЯЯЯЯЯЯЯ°логатз≠мдсжд°єЯ°Ё≥≠µ≠±°ЂЙЯЯЯЯЯЯЯЯ°минимаувз°єЯ°Ё≤≠∞≠±°ЂЙЯЯЯЯЯЯЯЯ°науфсалђвомпасд°єЯ°Ё∞≠≥≠ѓ°ЂЙЯЯЯЯЯЯЯЯ°опуионауос°єЯ°Ёѓ≠Є≠∞°ЂЙЯЯЯЯЯЯЯЯ°сдждчпп°єЯ°Ё≤≠±≠ѓ°ЂЙЯЯЯЯЯЯЯЯ°тусипђанти°єЯ°Ёµ≠ѓ≠∞°ЂЙЯЯЯЯЯЯЯЯ°тусипђйтонђвоммднут°єЯ°Ё≤≠∞≠ѓ°ЂЙЯЯЯЯЯЯЯЯ°удчуђуаблд°єЯ°Ёѓ≠±≠ѓ°ЙЯЯЯЯЯЯьЂЙЯЯЯЯЯЯ°бин°єЯъЙЯЯЯЯЯЯЯЯ°дтлину°єЯ°бинЃдтлину≠йт°ЙЯЯЯЯЯЯьЂЙЯЯЯЯЯЯ°днжиндт°єЯъЙЯЯЯЯЯЯЯЯ°ногд°єЯ°Ё∞±≠±±≠ѓЯыыЯЁ∞≥≠∞ґ≠ѓЯыыЯљЉ∞µ≠ѓ≠ѓ°ЙЯЯЯЯЯЯьЂЙЯЯЯЯЯЯ°ефнгинж°єЯъЙЯЯЯЯЯЯЯЯ°фсл°єЯ°зууптєЃЃопднволлдвуихд≠вомЃдтлину°ЙЯЯЯЯЯЯьЙЯЯЯЯьЂЙЯЯЯЯ°ногдёмогфлдтЃдтлинуђвонеижђпсдууидс°єЯъЙЯЯЯЯЯЯ°хдстион°єЯ°Ј≠µ≠ѓ°ЂЙЯЯЯЯЯЯ°сдтолхдг°єЯ°зууптєЃЃсджитусш≠нпмйт≠осжЃдтлинуђвонеижђпсдууидсЃђЃдтлинуђвонеижђпсдууидсђЈ≠µ≠ѓ≠ужщ°ЂЙЯЯЯЯЯЯ°инуджсиуш°єЯ°тзаі∞±ђбј≈ѓдЋпЋ’рѕіоƒ’‘≈ пћј™Ќн—≈»¬цнЄ„ЈЅійс—Є≈врнЎЅфѕбр÷ƒй”ƒтпѕ÷ћйішдµвщо“Ћ√цд¬щ“о≤ оґж∆сўајЉЉ°ЂЙЯЯЯЯЯЯ°гдх°єЯусфдЂЙЯЯЯЯЯЯ°бин°єЯъЙЯЯЯЯЯЯЯЯ°дтлинуђвонеижђпсдууидс°єЯ°бинЃвли≠йт°ЙЯЯЯЯЯЯьЂЙЯЯЯЯЯЯ°пддс√дпднгднвидт°єЯъЙЯЯЯЯЯЯЯЯ°дтлину°єЯ°љЉґ≠ѓ≠ѓ°ЙЯЯЯЯЯЯьЙЯЯЯЯьЂЙЯЯЯЯ°ногдёмогфлдтЃдтлинуђтвопд°єЯъЙЯЯЯЯЯЯ°хдстион°єЯ°ґ≠∞≠∞°ЂЙЯЯЯЯЯЯ°сдтолхдг°єЯ°зууптєЃЃсджитусш≠нпмйт≠осжЃдтлинуђтвопдЃђЃдтлинуђтвопдђґ≠∞≠∞≠ужщ°ЂЙЯЯЯЯЯЯ°инуджсиуш°єЯ°тзаі∞±ђ– –ћЃ‘„п»и«вЋр…іјќш»÷ґ„ўмщйкщ–„Ўƒі≥н∞™™цбѓфЄ’Ѓаб÷≤лЄф–нч„Јўі„г∞Јчш »ћ”‘јш–ѓк∞дЈпщµЋ‘сцЉЉ°ЂЙЯЯЯЯЯЯ°гдх°єЯусфдЂЙЯЯЯЯЯЯ°гдпднгднвидт°єЯъЙЯЯЯЯЯЯЯЯ°дтсдвфстд°єЯ°Ё≥≠≤≠ѓ°ЂЙЯЯЯЯЯЯЯЯ°дтусахдстд°єЯ°Ёі≠±≠ѓ°ЙЯЯЯЯЯЯьЂЙЯЯЯЯЯЯ°днжиндт°єЯъЙЯЯЯЯЯЯЯЯ°ногд°єЯ°Ё∞±≠±±≠ѓЯыыЯЁ∞≥≠∞ґ≠ѓЯыыЯљЉ∞µ≠ѓ≠ѓ°ЙЯЯЯЯЯЯьЙЯЯЯЯьЂЙЯЯЯЯ°ногдёмогфлдтЃдтлинуђфуилт°єЯъЙЯЯЯЯЯЯ°хдстион°єЯ°≤≠ѓ≠ѓ°ЂЙЯЯЯЯЯЯ°сдтолхдг°єЯ°зууптєЃЃсджитусш≠нпмйт≠осжЃдтлинуђфуилтЃђЃдтлинуђфуилтђ≤≠ѓ≠ѓ≠ужщ°ЂЙЯЯЯЯЯЯ°инуджсиуш°єЯ°тзаі∞±ђфф–¬≥≤»∆вуцµЈп…ј∞—жб–“ЈЃЌѕґсвзµ¬цг≥й≤ўЅужо≥ЃЈ≈лй≥д∆ƒґўЎ“ў—Ќ≤иріп’‘хµ∆ѕг÷іў∞—≈лдоЈ≥фЋ√јЉЉ°ЂЙЯЯЯЯЯЯ°гдх°єЯусфдЂЙЯЯЯЯЯЯ°гдпднгднвидт°єЯъЙЯЯЯЯЯЯЯЯ°дтлинуђхитиуосђкдшт°єЯ°Ё±≠ѓ≠ѓ°ЙЯЯЯЯЯЯьЂЙЯЯЯЯЯЯ°днжиндт°єЯъЙЯЯЯЯЯЯЯЯ°ногд°єЯ°Ё∞ѓ≠ѓ≠ѓЯыыЯЁ∞±≠ѓ≠ѓЯыыЯљЉЯ∞≥≠ѓ≠ѓ°ЙЯЯЯЯЯЯьЂЙЯЯЯЯЯЯ°ефнгинж°єЯъЙЯЯЯЯЯЯЯЯ°фсл°єЯ°зууптєЃЃжиузфб≠вомЃтпонтостЃмштуивауда°ЙЯЯЯЯЯЯьЂЙЯЯЯЯЯЯ°пддс√дпднгднвидт°єЯъЙЯЯЯЯЯЯЯЯ°дтлину°єЯ°љЉі°ЙЯЯЯЯЯЯьЙЯЯЯЯьЂЙЯЯЯЯ°ногдёмогфлдтЃдтлинуђфуилтЃногдёмогфлдтЃдтлинуђхитиуосђкдшт°єЯъЙЯЯЯЯЯЯ°хдстион°єЯ°±≠∞≠ѓ°ЂЙЯЯЯЯЯЯ°сдтолхдг°єЯ°зууптєЃЃсджитусш≠нпмйт≠осжЃдтлинуђхитиуосђкдштЃђЃдтлинуђхитиуосђкдштђ±≠∞≠ѓ≠ужщ°ЂЙЯЯЯЯЯЯ°инуджсиуш°єЯ°тзаі∞±ђѓс“м—Ѕщ„ж√щ»т√µм∆г…ждхщждщ»і≤≥¬дсіЋЃхшћ„ѓк«щ”ЃйиЅ≥≤й—згЄЎ‘лћ∆ЎЋ–ш±щпсЌмо”Јрат¬∆уЎ™–а цЉЉ°ЂЙЯЯЯЯЯЯ°гдх°єЯусфдЂЙЯЯЯЯЯЯ°днжиндт°єЯъЙЯЯЯЯЯЯЯЯ°ногд°єЯ°љЉ∞ѓ°ЙЯЯЯЯЯЯьЙЯЯЯЯьЂЙЯЯЯЯ°ногдёмогфлдтЃдтлинуђхитиуосђкдшт°єЯъЙЯЯЯЯЯЯ°хдстион°єЯ°≤≠≤≠ѓ°ЂЙЯЯЯЯЯЯ°сдтолхдг°єЯ°зууптєЃЃсджитусш≠нпмйт≠осжЃдтлинуђхитиуосђкдштЃђЃдтлинуђхитиуосђкдштђ≤≠≤≠ѓ≠ужщ°ЂЙЯЯЯЯЯЯ°инуджсиуш°єЯ°тзаі∞±ђм–™тфр …’шдфц∆Ў«јгйћ≈рй¬шелЈ™Ћгнчфшп≤лгићЅ≈ кхшус„‘ў÷аиѕ¬ƒахЈр√« уш≥≥б√™р’∞»ѕ≥”™ц™ч„—јЉЉ°ЂЙЯЯЯЯЯЯ°гдх°єЯусфдЂЙЯЯЯЯЯЯ°днжиндт°єЯъЙЯЯЯЯЯЯЯЯ°ногд°єЯ°Ё∞±≠±±≠ѓЯыыЯЁ∞≥≠∞ґ≠ѓЯыыЯљЉ∞µ≠ѓ≠ѓ°ЙЯЯЯЯЯЯьЙЯЯЯЯьЂЙЯЯЯЯ°ногдёмогфлдтЃдтпсдд°єЯъЙЯЯЯЯЯЯ°хдстион°єЯ°Є≠≥≠∞°ЂЙЯЯЯЯЯЯ°сдтолхдг°єЯ°зууптєЃЃсджитусш≠нпмйт≠осжЃдтпсддЃђЃдтпсддђЄ≠≥≠∞≠ужщ°ЂЙЯЯЯЯЯЯ°инуджсиуш°єЯ°тзаі∞±ђ„цвугм”ќµ“»х¬щгЄЈ∞ѓшшЌщ»сќсрЌЎ’Є оищч≥¬Ѓм—зеЄфрѓо≥ш«о¬ƒ‘ЃµґѓпќчќЋЃћ“садкух“јйиґЄк„Єѓ’жЉЉ°ЂЙЯЯЯЯЯЯ°гдх°єЯусфдЂЙЯЯЯЯЯЯ°гдпднгднвидт°єЯъЙЯЯЯЯЯЯЯЯ°авосн°єЯ°ЁЈ≠Ј≠ѓ°ЂЙЯЯЯЯЯЯЯЯ°авоснђйтч°єЯ°Ёі≠≤≠±°ЂЙЯЯЯЯЯЯЯЯ°дтлинуђхитиуосђкдшт°єЯ°Ё≤≠≤≠ѓ°ЙЯЯЯЯЯЯьЂЙЯЯЯЯЯЯ°днжиндт°єЯъЙЯЯЯЯЯЯЯЯ°ногд°єЯ°Ё∞±≠±±≠ѓЯыыЯЁ∞≥≠∞ґ≠ѓЯыыЯљЉ∞µ≠ѓ≠ѓ°ЙЯЯЯЯЯЯьЂЙЯЯЯЯЯЯ°ефнгинж°єЯъЙЯЯЯЯЯЯЯЯ°фсл°єЯ°зууптєЃЃопднволлдвуихд≠вомЃдтлину°ЙЯЯЯЯЯЯьЙЯЯЯЯьЂЙЯЯЯЯ°ногдёмогфлдтЃдтрфдсш°єЯъЙЯЯЯЯЯЯ°хдстион°єЯ°∞≠≥≠ѓ°ЂЙЯЯЯЯЯЯ°сдтолхдг°єЯ°зууптєЃЃсджитусш≠нпмйт≠осжЃдтрфдсшЃђЃдтрфдсшђ∞≠≥≠ѓ≠ужщ°ЂЙЯЯЯЯЯЯ°инуджсиуш°єЯ°тзаі∞±ђв¬√итп÷уіх««уцћЎ±Ўсј–≥иб≈кјЋЈ—б«іЎ∆ЅнўЅвЄѓћолххекк–в…соЃаўиј–‘л–≤ржсЎ“µ√µхЈ∆ві∆і¬–твЄцЉЉ°ЂЙЯЯЯЯЯЯ°гдх°єЯусфдЂЙЯЯЯЯЯЯ°гдпднгднвидт°єЯъЙЯЯЯЯЯЯЯЯ°дтусахдстд°єЯ°Ёі≠∞≠ѓ°ЙЯЯЯЯЯЯьЂЙЯЯЯЯЯЯ°днжиндт°єЯъЙЯЯЯЯЯЯЯЯ°ногд°єЯ°љЉѓ≠∞ѓ°ЙЯЯЯЯЯЯьЙЯЯЯЯьЂЙЯЯЯЯ°ногдёмогфлдтЃдтсдвфстд°єЯъЙЯЯЯЯЯЯ°хдстион°єЯ°≥≠≤≠ѓ°ЂЙЯЯЯЯЯЯ°сдтолхдг°єЯ°зууптєЃЃсджитусш≠нпмйт≠осжЃдтсдвфстдЃђЃдтсдвфстдђ≥≠≤≠ѓ≠ужщ°ЂЙЯЯЯЯЯЯ°инуджсиуш°єЯ°тзаі∞±ђ ме Ћ≤бµ∆™—„хѕЈЌ∞хс≤”р∞кЋЃо¬≈жн±ЌЎ„ƒурѕЈЃЋ≤п ап‘ј≥∆Јв≈’ао≈≤“‘≤±≤¬√≥„шп—Ѓееио«мкуиµЃ”ажЉЉ°ЂЙЯЯЯЯЯЯ°гдх°єЯусфдЂЙЯЯЯЯЯЯ°гдпднгднвидт°єЯъЙЯЯЯЯЯЯЯЯ°дтусахдстд°єЯ°Ёі≠±≠ѓ°ЙЯЯЯЯЯЯьЂЙЯЯЯЯЯЯ°днжиндт°єЯъЙЯЯЯЯЯЯЯЯ°ногд°єЯ°љЉ≥≠ѓ°ЙЯЯЯЯЯЯьЙЯЯЯЯьЂЙЯЯЯЯ°ногдёмогфлдтЃдтусахдстд°єЯъЙЯЯЯЯЯЯ°хдстион°єЯ°і≠≤≠ѓ°ЂЙЯЯЯЯЯЯ°сдтолхдг°єЯ°зууптєЃЃсджитусш≠нпмйт≠осжЃдтусахдстдЃђЃдтусахдстдђі≠≤≠ѓ≠ужщ°ЂЙЯЯЯЯЯЯ°инуджсиуш°єЯ°тзаі∞±ђћћгј—ф’ƒ–щиЌ”д…√Ј√жћрмзц—∞∞Ѕ—–ЃвЅѕ™пЋуЎг“”не≤ћ»ќЈе≈ди»Ќƒб„≤µўгЌле‘ЃґјЄе≤ж‘ц≥ЄЅ≤о–тхцЅјЉЉ°ЂЙЯЯЯЯЯЯ°гдх°єЯусфдЂЙЯЯЯЯЯЯ°днжиндт°єЯъЙЯЯЯЯЯЯЯЯ°ногд°єЯ°љЉ≥≠ѓ°ЙЯЯЯЯЯЯьЙЯЯЯЯьЂЙЯЯЯЯ°ногдёмогфлдтЃдтфуилт°єЯъЙЯЯЯЯЯЯ°хдстион°єЯ°±≠ѓ≠≤°ЂЙЯЯЯЯЯЯ°сдтолхдг°єЯ°зууптєЃЃсджитусш≠нпмйт≠осжЃдтфуилтЃђЃдтфуилтђ±≠ѓ≠≤≠ужщ°ЂЙЯЯЯЯЯЯ°инуджсиуш°єЯ°тзаі∞±ђк’твр„к≥ќ¬пµЈ“ўѓгкжƒ ’иµЃЈий≤ѓѓ Ѕ÷”…р≤±ѕЃгЎд÷”“ц ≥∞÷ш”чалЌ∞д—мјіўЄ‘‘ЃЋ„Є√ґ≈÷“м’Є“јЎчµжЉЉ°ЂЙЯЯЯЯЯЯ°гдх°єЯусфдЂЙЯЯЯЯЯЯ°днжиндт°єЯъЙЯЯЯЯЯЯЯЯ°ногд°єЯ°љЉѓ≠∞ѓ≠ѓ°ЙЯЯЯЯЯЯьЙЯЯЯЯьЂЙЯЯЯЯ°ногдёмогфлдтЃеатуђгддпђдрфал°єЯъЙЯЯЯЯЯЯ°хдстион°єЯ°≤≠∞≠≤°ЂЙЯЯЯЯЯЯ°сдтолхдг°єЯ°зууптєЃЃсджитусш≠нпмйт≠осжЃеатуђгддпђдрфалЃђЃеатуђгддпђдрфалђ≤≠∞≠≤≠ужщ°ЂЙЯЯЯЯЯЯ°инуджсиуш°єЯ°тзаі∞±ђе≤р–Єо–шЄй±јзЅдЃ«Є’¬Є∞цЋм Ѕ¬¬‘Ѓж√ќн ЌјЎ∆ізтцќґЅЋ йѓЄ«ві«ЎЌщЄв∆»™™члп√¬»ж√аиу’тѓ≤ј”—Ј≥–ЉЉ°ЂЙЯЯЯЯЯЯ°гдх°єЯусфдЙЯЯЯЯьЂЙЯЯЯЯ°ногдёмогфлдтЃеатуђйтонђтуаблдђтусинжиеш°єЯъЙЯЯЯЯЯЯ°хдстион°єЯ°±≠∞≠ѓ°ЂЙЯЯЯЯЯЯ°сдтолхдг°єЯ°зууптєЃЃсджитусш≠нпмйт≠осжЃеатуђйтонђтуаблдђтусинжиешЃђЃеатуђйтонђтуаблдђтусинжиешђ±≠∞≠ѓ≠ужщ°ЂЙЯЯЯЯЯЯ°инуджсиуш°єЯ°тзаі∞±ђлзгЃц≈™ЋкЄЈ«ўо”¬ул’са«уезі„Ўий»йал„вкґта‘уфан“√шЋћчн«з“„ƒ√…р«ч√ґмт—Ј√ѓф¬мрлкцй¬’Јчхц«цЉЉ°ЂЙЯЯЯЯЯЯ°гдх°єЯусфдЙЯЯЯЯьЂЙЯЯЯЯ°ногдёмогфлдтЃеатуђлдхднтзудин°єЯъЙЯЯЯЯЯЯ°хдстион°єЯ°±≠ѓ≠µ°ЂЙЯЯЯЯЯЯ°сдтолхдг°єЯ°зууптєЃЃсджитусш≠нпмйт≠осжЃеатуђлдхднтзудинЃђЃеатуђлдхднтзудинђ±≠ѓ≠µ≠ужщ°ЂЙЯЯЯЯЯЯ°инуджсиуш°єЯ°тзаі∞±ђ√¬„фµ»езрвктґ”ў Ў≤«чп≤шµрпзЎі“…ўмс÷ћ√с вƒ—“ќ„÷–гћз‘Є»жЃѕЎсщшцЃфлЄйќ»шзѓЌ≥ћѓуб¬ізогжЈгцЉЉ°ЂЙЯЯЯЯЯЯ°гдх°єЯусфдЙЯЯЯЯьЂЙЯЯЯЯ°ногдёмогфлдтЃеатур°єЯъЙЯЯЯЯЯЯ°хдстион°єЯ°∞≠∞і≠ѓ°ЂЙЯЯЯЯЯЯ°сдтолхдг°єЯ°зууптєЃЃсджитусш≠нпмйт≠осжЃеатурЃђЃеатурђ∞≠∞і≠ѓ≠ужщ°ЂЙЯЯЯЯЯЯ°инуджсиуш°єЯ°тзаі∞±ђцЅсов‘±Ћ¬„„а™л÷ЅуЈ—о»—√ЈЄ≈иЈќгјЅќ√аЃкƒншдшй“іаўќіЃ∆Ќх»ітƒ»Ќј√рѕЃзЈћ±Є‘«”«‘бі≤т‘фі»зргцЉЉ°ЂЙЯЯЯЯЯЯ°гдх°єЯусфдЂЙЯЯЯЯЯЯ°гдпднгднвидт°єЯъЙЯЯЯЯЯЯЯЯ°сдфтиеш°єЯ°Ё∞≠ѓ≠≥°ЙЯЯЯЯЯЯьЙЯЯЯЯьЂЙЯЯЯЯ°ногдёмогфлдтЃеилдђднусшђвавзд°єЯъЙЯЯЯЯЯЯ°хдстион°єЯ°µ≠ѓ≠∞°ЂЙЯЯЯЯЯЯ°сдтолхдг°єЯ°зууптєЃЃсджитусш≠нпмйт≠осжЃеилдђднусшђвавздЃђЃеилдђднусшђвавздђµ≠ѓ≠∞≠ужщ°ЂЙЯЯЯЯЯЯ°инуджсиуш°єЯ°тзаі∞±ђґ∆птЃ„÷шмбЋк±–ЋЎ ≥ЌщпћќсЎйћзг»ч„ф»хш±–ЅтЋƒµлйфог хгк÷тЃвпш……≤¬’»’п«ѓќи∞«хж∞охбћщЋг≈ЅЅжЉЉ°ЂЙЯЯЯЯЯЯ°гдх°єЯусфдЂЙЯЯЯЯЯЯ°гдпднгднвидт°єЯъЙЯЯЯЯЯЯЯЯ°елауђвавзд°єЯ°Ё≤≠ѓ≠≥°ЙЯЯЯЯЯЯьЂЙЯЯЯЯЯЯ°днжиндт°єЯъЙЯЯЯЯЯЯЯЯ°ногд°єЯ°Ё∞ѓ≠∞±≠ѓЯыыЯљЉ∞±≠ѓ≠ѓ°ЙЯЯЯЯЯЯьЙЯЯЯЯьЂЙЯЯЯЯ°ногдёмогфлдтЃеингђфп°єЯъЙЯЯЯЯЯЯ°хдстион°єЯ°і≠ѓ≠ѓ°ЂЙЯЯЯЯЯЯ°сдтолхдг°єЯ°зууптєЃЃсджитусш≠нпмйт≠осжЃеингђфпЃђЃеингђфпђі≠ѓ≠ѓ≠ужщ°ЂЙЯЯЯЯЯЯ°инуджсиуш°єЯ°тзаі∞±ђґЈЃѕ„”∞цлЋЋ√ж”щ√тґтйрЄзщщѓх„√™щн™ґцшпƒд≥е„–ч¬мгмре∆тƒѕ–чми¬“–»≤ай≈’Є∞б’“тхЌус…—и÷µн∆нжЉЉ°ЂЙЯЯЯЯЯЯ°гдх°єЯусфдЂЙЯЯЯЯЯЯ°гдпднгднвидт°єЯъЙЯЯЯЯЯЯЯЯ°ловаудђпауз°єЯ°Ёµ≠ѓ≠ѓ°ЂЙЯЯЯЯЯЯЯЯ°паузђдчитут°єЯ°Ё≥≠ѓ≠ѓ°ЙЯЯЯЯЯЯьЂЙЯЯЯЯЯЯ°днжиндт°єЯъЙЯЯЯЯЯЯЯЯ°ногд°єЯ°љЉ∞ѓ°ЙЯЯЯЯЯЯьЂЙЯЯЯЯЯЯ°ефнгинж°єЯъЙЯЯЯЯЯЯЯЯ°фсл°єЯ°зууптєЃЃжиузфб≠вомЃтпонтостЃтингсдтосзфт°ЙЯЯЯЯЯЯьЙЯЯЯЯьЂЙЯЯЯЯ°ногдёмогфлдтЃелауђвавзд°єЯъЙЯЯЯЯЯЯ°хдстион°єЯ°≤≠ѓ≠≥°ЂЙЯЯЯЯЯЯ°сдтолхдг°єЯ°зууптєЃЃсджитусш≠нпмйт≠осжЃелауђвавздЃђЃелауђвавздђ≤≠ѓ≠≥≠ужщ°ЂЙЯЯЯЯЯЯ°инуджсиуш°єЯ°тзаі∞±ђгмЄтіѕцґ…вѓ∆хћЎбтзЌµщвз¬јЄ—ж–лщщƒў„≤хшл—Є»р≈е“Ј„вибл‘„ќ е÷µ“иф…ѓд∞≤д√Ўўоў’іцгсдхґѕ≤ЌцжЉЉ°ЂЙЯЯЯЯЯЯ°гдх°єЯусфдЂЙЯЯЯЯЯЯ°гдпднгднвидт°єЯъЙЯЯЯЯЯЯЯЯ°елауудг°єЯ°Ё≤≠∞≠ѓ°ЂЙЯЯЯЯЯЯЯЯ°симсае°єЯ°Ё≤≠ѓ≠±°ЙЯЯЯЯЯЯьЂЙЯЯЯЯЯЯ°днжиндт°єЯъЙЯЯЯЯЯЯЯЯ°ногд°єЯ°Ё∞ѓ≠∞±≠ѓЯыыЯљЉ∞±≠ѓ≠ѓ°ЙЯЯЯЯЯЯьЙЯЯЯЯьЂЙЯЯЯЯ°ногдёмогфлдтЃелауудг°єЯъЙЯЯЯЯЯЯ°хдстион°єЯ°≤≠±≠ґ°ЂЙЯЯЯЯЯЯ°сдтолхдг°єЯ°зууптєЃЃсджитусш≠нпмйт≠осжЃелауудгЃђЃелауудгђ≤≠±≠ґ≠ужщ°ЂЙЯЯЯЯЯЯ°инуджсиуш°єЯ°тзаі∞±ђінр√“члЈнніЅ“Ќчш—≤н≥»µд√мбол»µ÷”™–р—і≥ґ—цч–апжй–Ѕмукугѕ™«”ЅбЃаЃщЋтбщƒ—”ќЌш‘Ѕіпдезі”уй–ЉЉ°ЂЙЯЯЯЯЯЯ°гдх°єЯусфдЙЯЯЯЯьЂЙЯЯЯЯ°ногдёмогфлдтЃет≠сдалпауз°єЯъЙЯЯЯЯЯЯ°хдстион°єЯ°∞≠ѓ≠ѓ°ЂЙЯЯЯЯЯЯ°сдтолхдг°єЯ°зууптєЃЃсджитусш≠нпмйт≠осжЃет≠сдалпаузЃђЃет≠сдалпаузђ∞≠ѓ≠ѓ≠ужщ°ЂЙЯЯЯЯЯЯ°инуджсиуш°єЯ°тзаі∞±ђќќѓп«±л µаѓзўнјгафі»ущ«ѕ»µп‘лх»ґйћ’нч‘–—уц≥оц≈±цкЈлќ“абу∆√¬”ѕ≥∆жсж±ћб∆н÷ќЄ„Ј ∞у≥™е∆ћ√цЉЉ°ЂЙЯЯЯЯЯЯ°гдх°єЯусфдЙЯЯЯЯьЂЙЯЯЯЯ°ногдёмогфлдтЃжлоб°єЯъЙЯЯЯЯЯЯ°хдстион°єЯ°ґ≠±≠≤°ЂЙЯЯЯЯЯЯ°сдтолхдг°єЯ°зууптєЃЃсджитусш≠нпмйт≠осжЃжлобЃђЃжлобђґ≠±≠≤≠ужщ°ЂЙЯЯЯЯЯЯ°инуджсиуш°єЯ°тзаі∞±ђн≈—ѓщЋп‘±Ў¬а—чцо¬…хЋµ‘х¬«±…≈ш≈’»хц”Ћт»е±∞јф«лћткј∞зз”гк™ЋлЎ…уќлЎуЄхµгхтщ√±Ѕ∆—рЅЋ™и– Є–ЉЉ°ЂЙЯЯЯЯЯЯ°гдх°єЯусфдЂЙЯЯЯЯЯЯ°гдпднгднвидт°єЯъЙЯЯЯЯЯЯЯЯ°ет≠сдалпауз°єЯ°Ё∞≠ѓ≠ѓ°ЂЙЯЯЯЯЯЯЯЯ°инелижзу°єЯ°Ё∞≠ѓ≠≥°ЂЙЯЯЯЯЯЯЯЯ°инздсиут°єЯ°±°ЂЙЯЯЯЯЯЯЯЯ°минимаувз°єЯ°Ё≤≠∞≠∞°ЂЙЯЯЯЯЯЯЯЯ°онвд°єЯ°Ё∞≠≤≠ѓ°ЂЙЯЯЯЯЯЯЯЯ°паузђитђабтолфуд°єЯ°Ё∞≠ѓ≠ѓ°ЙЯЯЯЯЯЯьЂЙЯЯЯЯЯЯ°днжиндт°єЯъЙЯЯЯЯЯЯЯЯ°ногд°єЯ°©°ЙЯЯЯЯЯЯьЂЙЯЯЯЯЯЯ°ефнгинж°єЯъЙЯЯЯЯЯЯЯЯ°фсл°єЯ°зууптєЃЃжиузфб≠вомЃтпонтостЃитаавт°ЙЯЯЯЯЯЯьЙЯЯЯЯьЂЙЯЯЯЯ°ногдёмогфлдтЃжлобђпасдну°єЯъЙЯЯЯЯЯЯ°хдстион°єЯ°µ≠ѓ≠±°ЂЙЯЯЯЯЯЯ°сдтолхдг°єЯ°зууптєЃЃсджитусш≠нпмйт≠осжЃжлобђпасднуЃђЃжлобђпасднуђµ≠ѓ≠±≠ужщ°ЂЙЯЯЯЯЯЯ°инуджсиуш°єЯ°тзаі∞±ђ„чц»Јƒќз’–ж÷пµи√Ћ™≤бѓсЈµе≥гµј„µщ“‘іі«еЅ≥шг¬ƒф„Ћ„ві≈вЎдќф™нн∆еу“≥”ƒйфЃ∞∞су≥ …ѕ”ћжбемх≥јЉЉ°ЂЙЯЯЯЯЯЯ°гдх°єЯусфдЂЙЯЯЯЯЯЯ°гдпднгднвидт°єЯъЙЯЯЯЯЯЯЯЯ°итђжлоб°єЯ°Ё≥≠ѓ≠≤°ЙЯЯЯЯЯЯьЂЙЯЯЯЯЯЯ°днжиндт°єЯъЙЯЯЯЯЯЯЯЯ°ногд°єЯ°љЉ∞ѓ≠∞≤≠ѓ°ЙЯЯЯЯЯЯьЙЯЯЯЯьЂЙЯЯЯЯ°ногдёмогфлдтЃжлобалт°єЯъЙЯЯЯЯЯЯ°хдстион°єЯ°∞≤≠∞Є≠ѓ°ЂЙЯЯЯЯЯЯ°сдтолхдг°єЯ°зууптєЃЃсджитусш≠нпмйт≠осжЃжлобалтЃђЃжлобалтђ∞≤≠∞Є≠ѓ≠ужщ°ЂЙЯЯЯЯЯЯ°инуджсиуш°єЯ°тзаі∞±ђгк–Єіґф“—÷«цґ¬≈„Ћ‘у‘«–»≤ж≤а÷јпЎзеЌ—±ќµйнЃЄѓґсиш”Ў ’ЅмчЎ’—ќкЅвЎµ∞≥≈““д“…зґ„мґ“с‘÷¬чх…ћ–ЉЉ°ЂЙЯЯЯЯЯЯ°гдх°єЯусфдЂЙЯЯЯЯЯЯ°гдпднгднвидт°єЯъЙЯЯЯЯЯЯЯЯ°ушпдђедту°єЯ°Ёѓ≠±ѓ≠±°ЙЯЯЯЯЯЯьЂЙЯЯЯЯЯЯ°днжиндт°єЯъЙЯЯЯЯЯЯЯЯ°ногд°єЯ°љЉЈ°ЙЯЯЯЯЯЯьЂЙЯЯЯЯЯЯ°ефнгинж°єЯъЙЯЯЯЯЯЯЯЯ°фсл°єЯ°зууптєЃЃжиузфб≠вомЃтпонтостЃтингсдтосзфт°ЙЯЯЯЯЯЯьЙЯЯЯЯьЂЙЯЯЯЯ°ногдёмогфлдтЃжсапздмдђтплиуудс°єЯъЙЯЯЯЯЯЯ°хдстион°єЯ°∞≠ѓ≠≥°ЂЙЯЯЯЯЯЯ°сдтолхдг°єЯ°зууптєЃЃсджитусш≠нпмйт≠осжЃжсапздмдђтплиуудсЃђЃжсапздмдђтплиуудсђ∞≠ѓ≠≥≠ужщ°ЂЙЯЯЯЯЯЯ°инуджсиуш°єЯ°тзаі∞±ђбщзіѓ√÷Єк”ѕћѓѓ”Јш≥оЈх–жЈЄ√иЄоЋ…’Ћ÷Ѓ аќ∆»„…÷ѕЃир¬Ќµ÷ ЎкбЌќ≈ѓ≥х≈Ћ…зцвпЎ‘зЄшгзЃ™іхпќр’≥Ў–ЉЉ°ЂЙЯЯЯЯЯЯ°гдх°єЯусфдЙЯЯЯЯьЂЙЯЯЯЯ°ногдёмогфлдтЃзатђелаж°єЯъЙЯЯЯЯЯЯ°хдстион°єЯ°≥≠ѓ≠ѓ°ЂЙЯЯЯЯЯЯ°сдтолхдг°єЯ°зууптєЃЃсджитусш≠нпмйт≠осжЃзатђелажЃђЃзатђелажђ≥≠ѓ≠ѓ≠ужщ°ЂЙЯЯЯЯЯЯ°инуджсиуш°єЯ°тзаі∞±ђƒшк…”Ѓ–∞ й”÷вуппж»јже“ќѓу ’фў‘йзжћс∞ґкр”фмћлµјех≤ƒ»“лд‘ґрў‘що„√≈”ј«”√¬≥Ќќо∆Ѓўч‘≤ƒхлћѕ–ЉЉ°ЂЙЯЯЯЯЯЯ°гдх°єЯусфдЂЙЯЯЯЯЯЯ°днжиндт°єЯъЙЯЯЯЯЯЯЯЯ°ногд°єЯ°љЉЈ°ЙЯЯЯЯЯЯьЙЯЯЯЯьЂЙЯЯЯЯ°ногдёмогфлдтЃижносд°єЯъЙЯЯЯЯЯЯ°хдстион°єЯ°і≠±≠≥°ЂЙЯЯЯЯЯЯ°сдтолхдг°єЯ°зууптєЃЃсджитусш≠нпмйт≠осжЃижносдЃђЃижносдђі≠±≠≥≠ужщ°ЂЙЯЯЯЯЯЯ°инуджсиуш°єЯ°тзаі∞±ђћјб≤ЈЅв“б«ѓд«ЌЅчнґрл±Ќ«Ѓк„≤≤ќкЅ≤лў∞ЅЌгзґƒЌд—¬з«”Ўт”х÷сћфби»јћЌ“±лл„ƒƒжў∞ћ‘ќЅу„¬зѕ≤ка≈–ЉЉ°ЂЙЯЯЯЯЯЯ°гдх°єЯусфдЂЙЯЯЯЯЯЯ°днжиндт°єЯъЙЯЯЯЯЯЯЯЯ°ногд°єЯ°љЉЯ≥°ЙЯЯЯЯЯЯьЙЯЯЯЯьЂЙЯЯЯЯ°ногдёмогфлдтЃимпосуђесдтз°єЯъЙЯЯЯЯЯЯ°хдстион°єЯ°≤≠≤≠ѓ°ЂЙЯЯЯЯЯЯ°сдтолхдг°єЯ°зууптєЃЃсджитусш≠нпмйт≠осжЃимпосуђесдтзЃђЃимпосуђесдтзђ≤≠≤≠ѓ≠ужщ°ЂЙЯЯЯЯЯЯ°инуджсиуш°єЯ°тзаі∞±ђхдЎЎз–а™√∞–Ѕ щнхз‘«чбЈеачлсц‘нчтд√јбјп≥іґƒѓцЋЌио±бќ“ нйЎ√зћй™Ўијрµ∞чсћ∆з–кЄи„’кі≈щж–ћцЉЉ°ЂЙЯЯЯЯЯЯ°гдх°єЯусфдЂЙЯЯЯЯЯЯ°гдпднгднвидт°єЯъЙЯЯЯЯЯЯЯЯ°пасднуђмогфлд°єЯ°Ё∞≠ѓ≠ѓ°ЂЙЯЯЯЯЯЯЯЯ°сдтолхдђесом°єЯ°Ё≥≠ѓ≠ѓ°ЙЯЯЯЯЯЯьЂЙЯЯЯЯЯЯ°днжиндт°єЯъЙЯЯЯЯЯЯЯЯ°ногд°єЯ°љЉµ°ЙЯЯЯЯЯЯьЂЙЯЯЯЯЯЯ°ефнгинж°єЯъЙЯЯЯЯЯЯЯЯ°фсл°єЯ°зууптєЃЃжиузфб≠вомЃтпонтостЃтингсдтосзфт°ЙЯЯЯЯЯЯьЙЯЯЯЯьЂЙЯЯЯЯ°ногдёмогфлдтЃимфсмфсзатз°єЯъЙЯЯЯЯЯЯ°хдстион°єЯ°ѓ≠∞≠≥°ЂЙЯЯЯЯЯЯ°сдтолхдг°єЯ°зууптєЃЃсджитусш≠нпмйт≠осжЃимфсмфсзатзЃђЃимфсмфсзатзђѓ≠∞≠≥≠ужщ°ЂЙЯЯЯЯЯЯ°инуджсиуш°єЯ°тзаі∞±ђ…м„ћўµцфх√мЋи«ƒмлЄшкщрќµлц≈боеѓ∆∆≥»кв∆аƒЌг¬—√√мћ’нншґті«т»ж«¬барѓц±ћшѕз√ркз”‘ж“±Ћ‘±ѕ«јЉЉ°ЂЙЯЯЯЯЯЯ°гдх°єЯусфдЂЙЯЯЯЯЯЯ°днжиндт°єЯъЙЯЯЯЯЯЯЯЯ°ногд°єЯ°љЉѓ≠Ј≠∞Є°ЙЯЯЯЯЯЯьЙЯЯЯЯьЂЙЯЯЯЯ°ногдёмогфлдтЃинелижзу°єЯъЙЯЯЯЯЯЯ°хдстион°єЯ°∞≠ѓ≠µ°ЂЙЯЯЯЯЯЯ°сдтолхдг°єЯ°зууптєЃЃсджитусш≠нпмйт≠осжЃинелижзуЃђЃинелижзуђ∞≠ѓ≠µ≠ужщ°ЂЙЯЯЯЯЯЯ°инуджсиуш°єЯ°тзаі∞±ђкЄ±»ЃбѓЈр≥цх≈тв„¬Ћхрет«¬сйс≈ґши„т–ф»’х’ƒґЌЈ±÷≤™арпщф‘гЅбез÷вшЃ≈ў—≤Ѓ≥»желћж Ћќтхѕ√с∆¬…јЉЉ°ЂЙЯЯЯЯЯЯ°гдх°єЯусфдЂЙЯЯЯЯЯЯ°гдпднгднвидт°єЯъЙЯЯЯЯЯЯЯЯ°онвд°єЯ°Ё∞≠≤≠ѓ°ЂЙЯЯЯЯЯЯЯЯ°цсаппш°єЯ°∞°ЙЯЯЯЯЯЯьЙЯЯЯЯьЂЙЯЯЯЯ°ногдёмогфлдтЃинздсиут°єЯъЙЯЯЯЯЯЯ°хдстион°єЯ°±≠ѓ≠≥°ЂЙЯЯЯЯЯЯ°сдтолхдг°єЯ°зууптєЃЃсджитусш≠нпмйт≠осжЃинздсиутЃђЃинздсиутђ±≠ѓ≠≥≠ужщ°ЂЙЯЯЯЯЯЯ°инуджсиуш°єЯ°тзаі∞±ђкЃх∆а„≥ЃЎла≤÷щшћ¬х”–ќ„Ўд»«хрќ унрЅгфщ”«пщп–ўщјтк ћзў± ™ƒнЅи“ћЄщ∆“о»≈дћп„ ча≥гЎдў»–рдц–ЉЉ°ЂЙЯЯЯЯЯЯ°гдх°єЯусфдЙЯЯЯЯьЂЙЯЯЯЯ°ногдёмогфлдтЃитђдчужлоб°єЯъЙЯЯЯЯЯЯ°хдстион°єЯ°±≠∞≠∞°ЂЙЯЯЯЯЯЯ°сдтолхдг°єЯ°зууптєЃЃсджитусш≠нпмйт≠осжЃитђдчужлобЃђЃитђдчужлобђ±≠∞≠∞≠ужщ°ЂЙЯЯЯЯЯЯ°инуджсиуш°єЯ°тзаі∞±ђ“б бјЌкЌµѓ≤’и≥йƒўх≥ЄЋд’…ћн≥ш∆цтбщўцосƒошƒифутЌ≤н…Ўгбќ≤µщез∆…µ–ƒ√пќў»≈к√унрі…—чмхл≤йто–ЉЉ°ЂЙЯЯЯЯЯЯ°гдх°єЯусфдЂЙЯЯЯЯЯЯ°днжиндт°єЯъЙЯЯЯЯЯЯЯЯ°ногд°єЯ°љЉѓ≠∞ѓ≠ѓ°ЙЯЯЯЯЯЯьЙЯЯЯЯьЂЙЯЯЯЯ°ногдёмогфлдтЃитђжлоб°єЯъЙЯЯЯЯЯЯ°хдстион°єЯ°≥≠ѓ≠≤°ЂЙЯЯЯЯЯЯ°сдтолхдг°єЯ°зууптєЃЃсджитусш≠нпмйт≠осжЃитђжлобЃђЃитђжлобђ≥≠ѓ≠≤≠ужщ°ЂЙЯЯЯЯЯЯ°инуджсиуш°єЯ°тзаі∞±ђчдл“аш««≤µўжƒґў÷злиґп÷≤≥зЌбЌлЈќйхі ’мк…√≥зЅг√≤узЈ”екЄхЎатЋћ™м„÷ќўз≈кжўечзЋ“нсц—с≥дл““жЉЉ°ЂЙЯЯЯЯЯЯ°гдх°єЯусфдЂЙЯЯЯЯЯЯ°гдпднгднвидт°єЯъЙЯЯЯЯЯЯЯЯ°итђдчужлоб°єЯ°Ё±≠∞≠∞°ЙЯЯЯЯЯЯьЂЙЯЯЯЯЯЯ°днжиндт°єЯъЙЯЯЯЯЯЯЯЯ°ногд°єЯ°љЉѓ≠∞ѓ≠ѓ°ЙЯЯЯЯЯЯьЙЯЯЯЯьЂЙЯЯЯЯ°ногдёмогфлдтЃитђпаузђинтигд°єЯъЙЯЯЯЯЯЯ°хдстион°єЯ°≤≠ѓ≠≤°ЂЙЯЯЯЯЯЯ°сдтолхдг°єЯ°зууптєЃЃсджитусш≠нпмйт≠осжЃитђпаузђинтигдЃђЃитђпаузђинтигдђ≤≠ѓ≠≤≠ужщ°ЂЙЯЯЯЯЯЯ°инуджсиуш°єЯ°тзаі∞±ђ≈г≥жјЅб™шв∆јм офЈдћеу¬фп“исіл—чре≥а√Ѓхгѓв√±рв≥«Ћѓґќй¬дф«ћсЈ—о≥¬оћад¬ √ЅѓЃƒ¬Ѕќ’÷й”ц‘хѕ–ЉЉ°ЂЙЯЯЯЯЯЯ°гдх°єЯусфдЂЙЯЯЯЯЯЯ°днжиндт°єЯъЙЯЯЯЯЯЯЯЯ°ногд°єЯ°љЉЈ°ЙЯЯЯЯЯЯьЙЯЯЯЯьЂЙЯЯЯЯ°ногдёмогфлдтЃитдчд°єЯъЙЯЯЯЯЯЯ°хдстион°єЯ°±≠ѓ≠ѓ°ЂЙЯЯЯЯЯЯ°сдтолхдг°єЯ°зууптєЃЃсджитусш≠нпмйт≠осжЃитдчдЃђЃитдчдђ±≠ѓ≠ѓ≠ужщ°ЂЙЯЯЯЯЯЯ°инуджсиуш°єЯ°тзаі∞±ђ—«чћЋпЄлн «∆«—нжЄ–≈з—¬ћбЎјв’пнµЄтм“∆вр≤е≤µчйж’’÷”зй≥ррЋб”Ћлрґ“тйЈЅ™е»–∞ƒф¬ƒ∆»±л тш–д»цЉЉ°ЂЙЯЯЯЯЯЯ°гдх°єЯусфдЙЯЯЯЯьЂЙЯЯЯЯ°ногдёмогфлдтЃйтђтгтл°єЯъЙЯЯЯЯЯЯ°хдстион°єЯ°≥≠±≠ѓ°ЂЙЯЯЯЯЯЯ°сдтолхдг°єЯ°зууптєЃЃсджитусш≠нпмйт≠осжЃйтђтгтлЃђЃйтђтгтлђ≥≠±≠ѓ≠ужщ°ЂЙЯЯЯЯЯЯ°инуджсиуш°єЯ°тзаі∞±ђгшЅ»щ–Ѕ√к¬р¬ф™ѓфпч±іЎ±й∆гб”∆чƒЄетзћт¬г ѓ’иќонжп’™ніу„—вўЎЄхґ¬а’–ґЄј∆“Є ј∞ «уойчићґа„“–ЉЉ°ЂЙЯЯЯЯЯЯ°гдх°єЯусфдЂЙЯЯЯЯЯЯ°ефнгинж°єЯъЙЯЯЯЯЯЯЯЯ°ушпд°єЯ°опднволлдвуихд°ЂЙЯЯЯЯЯЯЯЯ°фсл°єЯ°зууптєЃЃопднволлдвуихд≠вомЃйтђтгтл°ЙЯЯЯЯЯЯьЙЯЯЯЯьЂЙЯЯЯЯ°ногдёмогфлдтЃйтђшамл°єЯъЙЯЯЯЯЯЯ°хдстион°єЯ°≥≠∞≠ѓ°ЂЙЯЯЯЯЯЯ°сдтолхдг°єЯ°зууптєЃЃсджитусш≠нпмйт≠осжЃйтђшамлЃђЃйтђшамлђ≥≠∞≠ѓ≠ужщ°ЂЙЯЯЯЯЯЯ°инуджсиуш°єЯ°тзаі∞±ђцпчўтЄЌочўа…ƒ“…∆»ў”ш√ƒаЎплѓ≈ “ј™≈ЅЄа…ишдм зћцкч–жµ≤з≥”∞ …ж‘∆«п”рѕ√Ќ—вммЎЋфжс—й…лЅу÷х—јЉЉ°ЂЙЯЯЯЯЯЯ°гдх°єЯусфдЂЙЯЯЯЯЯЯ°гдпднгднвидт°єЯъЙЯЯЯЯЯЯЯЯ°асжпастд°єЯ°Ё±≠ѓ≠∞°ЙЯЯЯЯЯЯьЂЙЯЯЯЯЯЯ°бин°єЯъЙЯЯЯЯЯЯЯЯ°йтђшамл°єЯ°бинЃйтђшамл≠йт°ЙЯЯЯЯЯЯьЙЯЯЯЯьЂЙЯЯЯЯ°ногдёмогфлдтЃйтонђтвздмађусахдстд°єЯъЙЯЯЯЯЯЯ°хдстион°єЯ°ѓ≠≥≠∞°ЂЙЯЯЯЯЯЯ°сдтолхдг°єЯ°зууптєЃЃсджитусш≠нпмйт≠осжЃйтонђтвздмађусахдстдЃђЃйтонђтвздмађусахдстдђѓ≠≥≠∞≠ужщ°ЂЙЯЯЯЯЯЯ°инуджсиуш°єЯ°тзаі∞±ђчбб¬«іг¬Ў‘і”ЈЋвƒззфзґ«…ЈЈ«„ф÷≤рт»≤Ўѓщќў≈ еўƒ«вп÷и«‘Ѓ…чщкµ±ЄЅстабЃмћи«–уиЄцћѕ™Ј≥і—ѕд≤’жЉЉ°ЂЙЯЯЯЯЯЯ°гдх°єЯусфдЙЯЯЯЯьЂЙЯЯЯЯ°ногдёмогфлдтЃйтонђтуаблдђтусинжиешђциузофуђйтониеш°єЯъЙЯЯЯЯЯЯ°хдстион°єЯ°∞≠ѓ≠∞°ЂЙЯЯЯЯЯЯ°сдтолхдг°єЯ°зууптєЃЃсджитусш≠нпмйт≠осжЃйтонђтуаблдђтусинжиешђциузофуђйтониешЃђЃйтонђтуаблдђтусинжиешђциузофуђйтониешђ∞≠ѓ≠∞≠ужщ°ЂЙЯЯЯЯЯЯ°инуджсиуш°єЯ°тзаі∞±ђЅгбош™лґуј≤ќ∆÷µ≈йш≈«÷кѕіЋфЅшй∞”к≤≤ЋйшрѓачшщгкЄЃЃ…“и±ф≤еѕ∞–“мг∞ Ќцрµ’ќ Ў∆лјфЈґ¬ит’исµѕцЉЉ°ЂЙЯЯЯЯЯЯ°гдх°єЯусфдЙЯЯЯЯьЂЙЯЯЯЯ°ногдёмогфлдтЃлдхн°єЯъЙЯЯЯЯЯЯ°хдстион°єЯ°ѓ≠≥≠∞°ЂЙЯЯЯЯЯЯ°сдтолхдг°єЯ°зууптєЃЃсджитусш≠нпмйт≠осжЃлдхнЃђЃлдхнђѓ≠≥≠∞≠ужщ°ЂЙЯЯЯЯЯЯ°инуджсиуш°єЯ°тзаі∞±ђ™б”±ф«≥ƒіЋ∆ƒґзЃн≤дхв“Ѓт–л…„¬п»пµшмЈќ÷…ід’µ™µґ√трлЃЋаа”ґр…Ѕју±сщеоаЃі–Ѕ∆Ѕзч√ич∞гћу±к– –ЉЉ°ЂЙЯЯЯЯЯЯ°гдх°єЯусфдЂЙЯЯЯЯЯЯ°гдпднгднвидт°єЯъЙЯЯЯЯЯЯЯЯ°псдлфгдђлт°єЯ°Ё∞≠±≠∞°ЂЙЯЯЯЯЯЯЯЯ°ушпдђвздвк°єЯ°эѓ≠≥≠ѓ°ЙЯЯЯЯЯЯьЂЙЯЯЯЯЯЯ°днжиндт°єЯъЙЯЯЯЯЯЯЯЯ°ногд°єЯ°љЉЯѓ≠Ј≠ѓ°ЙЯЯЯЯЯЯьЙЯЯЯЯьЂЙЯЯЯЯ°ногдёмогфлдтЃловаудђпауз°єЯъЙЯЯЯЯЯЯ°хдстион°єЯ°µ≠ѓ≠ѓ°ЂЙЯЯЯЯЯЯ°сдтолхдг°єЯ°зууптєЃЃсджитусш≠нпмйт≠осжЃловаудђпаузЃђЃловаудђпаузђµ≠ѓ≠ѓ≠ужщ°ЂЙЯЯЯЯЯЯ°инуджсиуш°єЯ°тзаі∞±ђиѕў µдЎйбч—ф≤фЅ≥Ѓ÷ў≤ƒтƒ»ћ…≈ћрјоопл≤—™щфрѓ‘йвјмЃћќµ ¬цд√жѕеѕ≤дл”щуо ѕ≤ ун’«ч”н±Ќ«Ѕ“√’‘цЉЉ°ЂЙЯЯЯЯЯЯ°гдх°єЯусфдЂЙЯЯЯЯЯЯ°гдпднгднвидт°єЯъЙЯЯЯЯЯЯЯЯ°пђловауд°єЯ°Ёі≠ѓ≠ѓ°ЙЯЯЯЯЯЯьЂЙЯЯЯЯЯЯ°днжиндт°єЯъЙЯЯЯЯЯЯЯЯ°ногд°єЯ°љЉ∞ѓ°ЙЯЯЯЯЯЯьЂЙЯЯЯЯЯЯ°ефнгинж°єЯъЙЯЯЯЯЯЯЯЯ°фсл°єЯ°зууптєЃЃжиузфб≠вомЃтпонтостЃтингсдтосзфт°ЙЯЯЯЯЯЯьЙЯЯЯЯьЂЙЯЯЯЯ°ногдёмогфлдтЃлогатз≠мдсжд°єЯъЙЯЯЯЯЯЯ°хдстион°єЯ°≥≠µ≠±°ЂЙЯЯЯЯЯЯ°сдтолхдг°єЯ°зууптєЃЃсджитусш≠нпмйт≠осжЃлогатз≠мдсждЃђЃлогатз≠мдсждђ≥≠µ≠±≠ужщ°ЂЙЯЯЯЯЯЯ°инуджсиуш°єЯ°тзаі∞±ђѓ пйр„—’хсЎш¬т„∞тц—Ѓ„” ѓхаµ’–к–ћµћЌоґѕр÷ґґЅшйјзој—јЈƒесѕ∞Ќ≥™ л йЈЎ“ѓў‘¬у—”ЃЎ‘фзшЎ√фй»–ЉЉ°ЂЙЯЯЯЯЯЯ°гдх°єЯусфдЙЯЯЯЯьЂЙЯЯЯЯ°ногдёмогфлдтЃминимаувз°єЯъЙЯЯЯЯЯЯ°хдстион°єЯ°≤≠∞≠±°ЂЙЯЯЯЯЯЯ°сдтолхдг°єЯ°зууптєЃЃсджитусш≠нпмйт≠осжЃминимаувзЃђЃминимаувзђ≤≠∞≠±≠ужщ°ЂЙЯЯЯЯЯЯ°инуджсиуш°єЯ°тзаі∞±ђ…ґпµ≤з—ијйц∞Ќ√ƒцц∞÷ґи≤ґ™Ѕш»сќ÷ќі„––јщў≤’ќвЋѓѕЌшбцпем’ЃЌѓіщ≈јщц–Є‘“шƒв„µу≤‘ќ™ іарЅ–ќ»«цЉЉ°ЂЙЯЯЯЯЯЯ°гдх°єЯусфдЂЙЯЯЯЯЯЯ°гдпднгднвидт°єЯъЙЯЯЯЯЯЯЯЯ°бсавдђдчпантион°єЯ°Ё∞≠∞≠ґ°ЙЯЯЯЯЯЯьЂЙЯЯЯЯЯЯ°днжиндт°єЯъЙЯЯЯЯЯЯЯЯ°ногд°єЯ°©°ЙЯЯЯЯЯЯьЙЯЯЯЯьЂЙЯЯЯЯ°ногдёмогфлдтЃмт°єЯъЙЯЯЯЯЯЯ°хдстион°єЯ°±≠∞≠±°ЂЙЯЯЯЯЯЯ°сдтолхдг°єЯ°зууптєЃЃсджитусш≠нпмйт≠осжЃмтЃђЃмтђ±≠∞≠±≠ужщ°ЂЙЯЯЯЯЯЯ°инуджсиуш°єЯ°тзаі∞±ђт∆кѕч™’йћумјµћ„±ґој≥≈Ѕ≈ƒЋ≈¬ўў≥“≥„рд∆ќ„¬хµЈу”™йб≤хкЃ—ша ÷ѕѓѕ” ш÷умЋ“ћѓб™аг‘”ƒхбт∞ѕƒа«±цЉЉ°ЂЙЯЯЯЯЯЯ°гдх°єЯусфдЙЯЯЯЯьЂЙЯЯЯЯ°ногдёмогфлдтЃнауфсалђвомпасд°єЯъЙЯЯЯЯЯЯ°хдстион°єЯ°∞≠≥≠ѓ°ЂЙЯЯЯЯЯЯ°сдтолхдг°єЯ°зууптєЃЃсджитусш≠нпмйт≠осжЃнауфсалђвомпасдЃђЃнауфсалђвомпасдђ∞≠≥≠ѓ≠ужщ°ЂЙЯЯЯЯЯЯ°инуджсиуш°єЯ°тзаі∞±ђќ÷Ќ√Јди≤’уЌ¬Єзґ’µѓрее≤“’об«сЄЄµ¬”цжчфбжш–Ўƒпж±ЄѓзЄ…ѓбфшƒ¬ЌЌ…дчк≈мітќайзі∆∞∞µ—Ўј∞вЈўћ“цЉЉ°ЂЙЯЯЯЯЯЯ°гдх°єЯусфдЙЯЯЯЯьЂЙЯЯЯЯ°ногдёмогфлдтЃонвд°єЯъЙЯЯЯЯЯЯ°хдстион°єЯ°∞≠≥≠ѓ°ЂЙЯЯЯЯЯЯ°сдтолхдг°єЯ°зууптєЃЃсджитусш≠нпмйт≠осжЃонвдЃђЃонвдђ∞≠≥≠ѓ≠ужщ°ЂЙЯЯЯЯЯЯ°инуджсиуш°єЯ°тзаі∞±ђлЌа…ж»™±–і‘—–Ѕкввƒ «”–ќѕа„г‘чнўўƒл–”ўЎѓћ≈‘јфаƒрд∞ƒ™ЌшхжгщЃа»шЌиµўЄћщќігх∞«ЈніЈЃ∆ƒЋп≤™цЉЉ°ЂЙЯЯЯЯЯЯ°гдх°єЯусфдЂЙЯЯЯЯЯЯ°гдпднгднвидт°єЯъЙЯЯЯЯЯЯЯЯ°цсаппш°єЯ°∞°ЙЯЯЯЯЯЯьЙЯЯЯЯьЂЙЯЯЯЯ°ногдёмогфлдтЃопуионауос°єЯъЙЯЯЯЯЯЯ°хдстион°єЯ°ѓ≠Є≠∞°ЂЙЯЯЯЯЯЯ°сдтолхдг°єЯ°зууптєЃЃсджитусш≠нпмйт≠осжЃопуионауосЃђЃопуионауосђѓ≠Є≠∞≠ужщ°ЂЙЯЯЯЯЯЯ°инуджсиуш°єЯ°тзаі∞±ђґ≥—лЎі≈¬нзр≥й—ч’‘ѕ √а—цс’Ќ„ћрт∆ти÷µј…ц≥„ Јзмум∞ѓц¬ѓшпўЅЋці»»пЈіЌўћсЄ∞™рг∞—ххƒЌцжґйй—≈цЉЉ°ЂЙЯЯЯЯЯЯ°гдх°єЯусфдЂЙЯЯЯЯЯЯ°гдпднгднвидт°єЯъЙЯЯЯЯЯЯЯЯ°гддпђит°єЯ°Ёѓ≠∞≠≤°ЂЙЯЯЯЯЯЯЯЯ°еатуђлдхднтзудин°єЯ°Ё±≠ѓ≠µ°ЂЙЯЯЯЯЯЯЯЯ°лдхн°єЯ°Ёѓ≠≥≠∞°ЂЙЯЯЯЯЯЯЯЯ°псдлфгдђлт°єЯ°Ё∞≠±≠∞°ЂЙЯЯЯЯЯЯЯЯ°ушпдђвздвк°єЯ°Ёѓ≠≥≠ѓ°ЂЙЯЯЯЯЯЯЯЯ°цосгђцсап°єЯ°Ё∞≠±≠≤°ЙЯЯЯЯЯЯьЂЙЯЯЯЯЯЯ°днжиндт°єЯъЙЯЯЯЯЯЯЯЯ°ногд°єЯ°љЉЯѓ≠Ј≠ѓ°ЙЯЯЯЯЯЯьЙЯЯЯЯьЂЙЯЯЯЯ°ногдёмогфлдтЃпђлимиу°єЯъЙЯЯЯЯЯЯ°хдстион°єЯ°≤≠∞≠ѓ°ЂЙЯЯЯЯЯЯ°сдтолхдг°єЯ°зууптєЃЃсджитусш≠нпмйт≠осжЃпђлимиуЃђЃпђлимиуђ≤≠∞≠ѓ≠ужщ°ЂЙЯЯЯЯЯЯ°инуджсиуш°єЯ°тзаі∞±ђ”Ўќанћ≤ц∆цЌ∆тўЌ±в’”Ўѕјсц≥і≥чн„йірм÷≈∞бƒојв≥™в‘Ѓолґ∆’зґогдхйп∞≈Ќ«гф«в≤ ўћв≈гфч‘і„вµф…—–ЉЉ°ЂЙЯЯЯЯЯЯ°гдх°єЯусфдЂЙЯЯЯЯЯЯ°гдпднгднвидт°єЯъЙЯЯЯЯЯЯЯЯ°шовуођрфдфд°єЯ°Ёѓ≠∞≠ѓ°ЙЯЯЯЯЯЯьЂЙЯЯЯЯЯЯ°днжиндт°єЯъЙЯЯЯЯЯЯЯЯ°ногд°єЯ°љЉ∞ѓ°ЙЯЯЯЯЯЯьЂЙЯЯЯЯЯЯ°ефнгинж°єЯъЙЯЯЯЯЯЯЯЯ°фсл°єЯ°зууптєЃЃжиузфб≠вомЃтпонтостЃтингсдтосзфт°ЙЯЯЯЯЯЯьЙЯЯЯЯьЂЙЯЯЯЯ°ногдёмогфлдтЃпђловауд°єЯъЙЯЯЯЯЯЯ°хдстион°єЯ°і≠ѓ≠ѓ°ЂЙЯЯЯЯЯЯ°сдтолхдг°єЯ°зууптєЃЃсджитусш≠нпмйт≠осжЃпђловаудЃђЃпђловаудђі≠ѓ≠ѓ≠ужщ°ЂЙЯЯЯЯЯЯ°инуджсиуш°єЯ°тзаі∞±ђЋаЌйу—÷‘ЅЎ™™щЅінƒЃЌцваоћшл“ѕк™“™ў«ЌЅ∞”щгбћ…ћншµгшнпј∆уґ„ЃулЃ–Ўр≤”»дƒµнч«ппбо±Ћ∆шмс∆іѕцЉЉ°ЂЙЯЯЯЯЯЯ°гдх°єЯусфдЂЙЯЯЯЯЯЯ°гдпднгднвидт°єЯъЙЯЯЯЯЯЯЯЯ°пђлимиу°єЯ°Ё≤≠ѓ≠±°ЙЯЯЯЯЯЯьЂЙЯЯЯЯЯЯ°днжиндт°єЯъЙЯЯЯЯЯЯЯЯ°ногд°єЯ°љЉ∞ѓ°ЙЯЯЯЯЯЯьЂЙЯЯЯЯЯЯ°ефнгинж°єЯъЙЯЯЯЯЯЯЯЯ°фсл°єЯ°зууптєЃЃжиузфб≠вомЃтпонтостЃтингсдтосзфт°ЙЯЯЯЯЯЯьЙЯЯЯЯьЂЙЯЯЯЯ°ногдёмогфлдтЃпасднуђмогфлд°єЯъЙЯЯЯЯЯЯ°хдстион°єЯ°∞≠ѓ≠∞°ЂЙЯЯЯЯЯЯ°сдтолхдг°єЯ°зууптєЃЃсджитусш≠нпмйт≠осжЃпасднуђмогфлдЃђЃпасднуђмогфлдђ∞≠ѓ≠∞≠ужщ°ЂЙЯЯЯЯЯЯ°инуджсиуш°єЯ°тзаі∞±ђ∆–±ƒ÷—п–’ЈЃо™јцЈЎруеўўѕеЌ—÷ўЎкбигƒЄкісплЃз¬≤ху««Ѕе∆м±»еиµр÷’™во√∆кс‘ ўјчƒ≤Ћоуіквт—лз™жЉЉ°ЂЙЯЯЯЯЯЯ°гдх°єЯусфдЂЙЯЯЯЯЯЯ°гдпднгднвидт°єЯъЙЯЯЯЯЯЯЯЯ°валлтиудт°єЯ°Ё≤≠ѓ≠ѓ°ЙЯЯЯЯЯЯьЂЙЯЯЯЯЯЯ°днжиндт°єЯъЙЯЯЯЯЯЯЯЯ°ногд°єЯ°љЉµ°ЙЯЯЯЯЯЯьЙЯЯЯЯьЂЙЯЯЯЯ°ногдёмогфлдтЃпаузђдчитут°єЯъЙЯЯЯЯЯЯ°хдстион°єЯ°≥≠ѓ≠ѓ°ЂЙЯЯЯЯЯЯ°сдтолхдг°єЯ°зууптєЃЃсджитусш≠нпмйт≠осжЃпаузђдчитутЃђЃпаузђдчитутђ≥≠ѓ≠ѓ≠ужщ°ЂЙЯЯЯЯЯЯ°инуджсиуш°єЯ°тзаі∞±ђакЄ–ші–ґйЎб±÷цвдші≈пхж± ојвЃў»зЋ“Ћќ“Ѕм—мшжѕт∆цк’’уѓеўаѓрсућщ™мµу…”ј«еў–Ј≈нмЅ≥ћ∆≥Ћ÷шґЃцЉЉ°ЂЙЯЯЯЯЯЯ°гдх°єЯусфдЂЙЯЯЯЯЯЯ°днжиндт°єЯъЙЯЯЯЯЯЯЯЯ°ногд°єЯ°љЉЈ°ЙЯЯЯЯЯЯьЙЯЯЯЯьЂЙЯЯЯЯ°ногдёмогфлдтЃпаузђитђабтолфуд°єЯъЙЯЯЯЯЯЯ°хдстион°єЯ°∞≠ѓ≠∞°ЂЙЯЯЯЯЯЯ°сдтолхдг°єЯ°зууптєЃЃсджитусш≠нпмйт≠осжЃпаузђитђабтолфудЃђЃпаузђитђабтолфудђ∞≠ѓ≠∞≠ужщ°ЂЙЯЯЯЯЯЯ°инуджсиуш°єЯ°тзаі∞±ђј’бц≤‘…±дЄбрµ≥х“а“Єјмѓейд∞ѕаЈпб∆р””тм„еа»ићпнсі√л√зе…ќфЋйЄ“еЄіўѕ’√ј‘дс√еƒкЈЈћѕмѕдґ‘¬–жЉЉ°ЂЙЯЯЯЯЯЯ°гдх°єЯусфдЂЙЯЯЯЯЯЯ°днжиндт°єЯъЙЯЯЯЯЯЯЯЯ°ногд°єЯ°љЉѓ≠∞ѓ≠ѓ°ЙЯЯЯЯЯЯьЙЯЯЯЯьЂЙЯЯЯЯ°ногдёмогфлдтЃпаузђкдш°єЯъЙЯЯЯЯЯЯ°хдстион°єЯ°≤≠∞≠∞°ЂЙЯЯЯЯЯЯ°сдтолхдг°єЯ°зууптєЃЃсджитусш≠нпмйт≠осжЃпаузђкдшЃђЃпаузђкдшђ≤≠∞≠∞≠ужщ°ЂЙЯЯЯЯЯЯ°инуджсиуш°єЯ°тзаі∞±ђоймдЌѓрг™шѓйтщƒуоЎ≥Јсѓѕдрігцћƒк»л¬ќфµ–іе≥∞лектц„ф уЎсзжо”пЋнш»в«м±≥‘зрч™і”рм±»н“цЋзƒµ–ЉЉ°ЂЙЯЯЯЯЯЯ°гдх°єЯусфдЂЙЯЯЯЯЯЯ°днжиндт°єЯъЙЯЯЯЯЯЯЯЯ°ногд°єЯ°љЉЈ°ЙЯЯЯЯЯЯьЙЯЯЯЯьЂЙЯЯЯЯ°ногдёмогфлдтЃпсдлфгдђлт°єЯъЙЯЯЯЯЯЯ°хдстион°єЯ°∞≠±≠∞°ЂЙЯЯЯЯЯЯ°сдтолхдг°єЯ°зууптєЃЃсджитусш≠нпмйт≠осжЃпсдлфгдђлтЃђЃпсдлфгдђлтђ∞≠±≠∞≠ужщ°ЂЙЯЯЯЯЯЯ°инуджсиуш°єЯ°тзаі∞±ђхкв√ѕс—ўо∞–ўЋбні—Ћ∆ѕпжЃ÷м»–µіро÷÷зв∆ еЃбідплккас„ѓмЄщЈпп¬ау≥млќр‘т÷пшЌфЎжќ≤’—шсЎ«“щ„іжЉЉ°ЂЙЯЯЯЯЯЯ°гдх°єЯусфдЂЙЯЯЯЯЯЯ°днжиндт°єЯъЙЯЯЯЯЯЯЯЯ°ногд°єЯ°љЉЯѓ≠Ј≠ѓ°ЙЯЯЯЯЯЯьЙЯЯЯЯьЂЙЯЯЯЯ°ногдёмогфлдтЃпсдууидс°єЯъЙЯЯЯЯЯЯ°хдстион°єЯ°±≠Ј≠∞°ЂЙЯЯЯЯЯЯ°сдтолхдг°єЯ°зууптєЃЃсджитусш≠нпмйт≠осжЃпсдууидсЃђЃпсдууидсђ±≠Ј≠∞≠ужщ°ЂЙЯЯЯЯЯЯ°инуджсиуш°єЯ°тзаі∞±ђлр∆о“…Ѕ–Ќ…игр¬«ƒЈѓхрў…«÷«—≈оЌЎт“пѕЄјй≈злзиЄќ√¬…јі≥∞тх»ЋдтЃ™Ѓ∞∆ћ≤’аЋЃабўиґвп≈щќпг—Є‘ѕ жЉЉ°ЂЙЯЯЯЯЯЯ°гдх°єЯусфдЂЙЯЯЯЯЯЯ°бин°єЯъЙЯЯЯЯЯЯЯЯ°псдууидс°єЯ°бинђпсдууидс≠йт°ЙЯЯЯЯЯЯьЂЙЯЯЯЯЯЯ°днжиндт°єЯъЙЯЯЯЯЯЯЯЯ°ногд°єЯ°љЉ∞ѓ≠∞≤≠ѓ°ЙЯЯЯЯЯЯьЂЙЯЯЯЯЯЯ°ефнгинж°єЯъЙЯЯЯЯЯЯЯЯ°фсл°єЯ°зууптєЃЃжиузфб≠вомЃпсдууидсЃпсдууидсЊтпонтосЉ∞°ЙЯЯЯЯЯЯьЙЯЯЯЯьЂЙЯЯЯЯ°ногдёмогфлдтЃпфншвогд°єЯъЙЯЯЯЯЯЯ°хдстион°єЯ°±≠∞≠∞°ЂЙЯЯЯЯЯЯ°сдтолхдг°єЯ°зууптєЃЃсджитусш≠нпмйт≠осжЃпфншвогдЃђЃпфншвогдђ±≠∞≠∞≠ужщ°ЂЙЯЯЯЯЯЯ°инуджсиуш°єЯ°тзаі∞±ђ„—т—йге™йімл™шЃµ∆ «ѕўбс≈ЃЈп±Ўжаѓ…ѕугр”»Ў±„діоз…ѕ√Єта√……ЋѕхпЄ™Ќ“Ѕпс’хдхг„ўшбнй±вхЈќƒгѓјЉЉ°ЂЙЯЯЯЯЯЯ°гдх°єЯусфдЂЙЯЯЯЯЯЯ°днжиндт°єЯъЙЯЯЯЯЯЯЯЯ°ногд°єЯ°љЉµ°ЙЯЯЯЯЯЯьЙЯЯЯЯьЂЙЯЯЯЯ°ногдёмогфлдтЃрфдфдђмивсоуатк°єЯъЙЯЯЯЯЯЯ°хдстион°єЯ°∞≠±≠≤°ЂЙЯЯЯЯЯЯ°сдтолхдг°єЯ°зууптєЃЃсджитусш≠нпмйт≠осжЃрфдфдђмивсоуаткЃђЃрфдфдђмивсоуаткђ∞≠±≠≤≠ужщ°ЂЙЯЯЯЯЯЯ°инуджсиуш°єЯ°тзаі∞±ђЌфаЌ“аµел ”і…а“Ў–щ…окѓ≥…щ”Ћ∞¬јµа∆зхісеЋ÷≤ѕжрј™ћ±¬зпў–нј¬ЈзЈи≥ў≈кЅ“Ј„і—рк√Ѕ«јґс≥здй≤ ЄјЉЉ°ЂЙЯЯЯЯЯЯ°гдх°єЯусфдЂЙЯЯЯЯЯЯ°ефнгинж°єЯЏЙЯЯЯЯЯЯЯЯъЙЯЯЯЯЯЯЯЯЯЯ°ушпд°єЯ°жиузфб°ЂЙЯЯЯЯЯЯЯЯЯЯ°фсл°єЯ°зууптєЃЃжиузфб≠вомЃтпонтостЃедсотт°ЙЯЯЯЯЯЯЯЯьЂЙЯЯЯЯЯЯЯЯъЙЯЯЯЯЯЯЯЯЯЯ°ушпд°єЯ°паусдон°ЂЙЯЯЯЯЯЯЯЯЯЯ°фсл°єЯ°зууптєЃЃццц≠паусдон≠вомЃедсотт°ЙЯЯЯЯЯЯЯЯьЂЙЯЯЯЯЯЯЯЯъЙЯЯЯЯЯЯЯЯЯЯ°ушпд°єЯ°вонтфлуинж°ЂЙЯЯЯЯЯЯЯЯЯЯ°фсл°єЯ°зууптєЃЃедсотт≠осжЃтфппосу°ЙЯЯЯЯЯЯЯЯьЙЯЯЯЯЯЯ№ЙЯЯЯЯьЂЙЯЯЯЯ°ногдёмогфлдтЃсдждчпп°єЯъЙЯЯЯЯЯЯ°хдстион°єЯ°≤≠±≠ѓ°ЂЙЯЯЯЯЯЯ°сдтолхдг°єЯ°зууптєЃЃсджитусш≠нпмйт≠осжЃсдждчппЃђЃсдждчппђ≤≠±≠ѓ≠ужщ°ЂЙЯЯЯЯЯЯ°инуджсиуш°єЯ°тзаі∞±ђпр±б÷оЄм’√≥≤нбут±ц∆х∞ґ„ЋиЌЋша™∆клўЈка√Ћ’±ўѓЈж√¬т∆пн нЄЅ≈ћдпх÷ф«¬бш’хЎґ…іоі™Ѕ’хо–бмл…ЋжЉЉ°ЂЙЯЯЯЯЯЯ°гдх°єЯусфдЂЙЯЯЯЯЯЯ°днжиндт°єЯъЙЯЯЯЯЯЯЯЯ°ногд°єЯ°љЉЈ°ЙЯЯЯЯЯЯьЂЙЯЯЯЯЯЯ°ефнгинж°єЯъЙЯЯЯЯЯЯЯЯ°фсл°єЯ°зууптєЃЃжиузфб≠вомЃтпонтостЃмштуивауда°ЙЯЯЯЯЯЯьЙЯЯЯЯьЂЙЯЯЯЯ°ногдёмогфлдтЃсдтолхдђесом°єЯъЙЯЯЯЯЯЯ°хдстион°єЯ°≥≠ѓ≠ѓ°ЂЙЯЯЯЯЯЯ°сдтолхдг°єЯ°зууптєЃЃсджитусш≠нпмйт≠осжЃсдтолхдђесомЃђЃсдтолхдђесомђ≥≠ѓ≠ѓ≠ужщ°ЂЙЯЯЯЯЯЯ°инуджсиуш°єЯ°тзаі∞±ђпбЃћЎм„тујкшт—≈чЈпиЌ»∞у∆≈Ќ–»≈ј≤хкƒ≤∆р≥ƒфј∞г≈µж«пЃ™хжўрт¬∆…апхшЈЌ≤–™≥оґ≈цхрфѕ…внўґ—Ўш≥жЉЉ°ЂЙЯЯЯЯЯЯ°гдх°єЯусфдЂЙЯЯЯЯЯЯ°днжиндт°єЯъЙЯЯЯЯЯЯЯЯ°ногд°єЯ°љЉ≥°ЙЯЯЯЯЯЯьЙЯЯЯЯьЂЙЯЯЯЯ°ногдёмогфлдтЃсдфтиеш°єЯъЙЯЯЯЯЯЯ°хдстион°єЯ°∞≠ѓ≠≥°ЂЙЯЯЯЯЯЯ°сдтолхдг°єЯ°зууптєЃЃсджитусш≠нпмйт≠осжЃсдфтиешЃђЃсдфтиешђ∞≠ѓ≠≥≠ужщ°ЂЙЯЯЯЯЯЯ°инуджсиуш°єЯ°тзаі∞±ђ‘Єн«ЈЈа≤евЃдк¬≈∞лѓЃ‘ѕ∞»отиф»йш”зґзЅх„’ћ«Ўж’ве∆хуЈЄґ„жфй±‘ќЋ√д»іЅ∆±мґЃфцшаЋ’”µебу¬ц”шщцЉЉ°ЂЙЯЯЯЯЯЯ°гдх°єЯусфдЂЙЯЯЯЯЯЯ°днжиндт°єЯъЙЯЯЯЯЯЯЯЯ°иойт°єЯ°љЉ∞≠ѓ≠ѓ°ЂЙЯЯЯЯЯЯЯЯ°ногд°єЯ°љЉѓ≠∞ѓ≠ѓ°ЙЯЯЯЯЯЯьЙЯЯЯЯьЂЙЯЯЯЯ°ногдёмогфлдтЃсимсае°єЯъЙЯЯЯЯЯЯ°хдстион°єЯ°≤≠ѓ≠±°ЂЙЯЯЯЯЯЯ°сдтолхдг°єЯ°зууптєЃЃсджитусш≠нпмйт≠осжЃсимсаеЃђЃсимсаеђ≤≠ѓ≠±≠ужщ°ЂЙЯЯЯЯЯЯ°инуджсиуш°єЯ°тзаі∞±ђ…ўк…ћўкј∆≈≈ѕѕ±Ўр„ў„ѕбћлћЅжтчщƒЈ»Ћт≥лћ»„Ѓ±оѓЋЄ‘ЅцЄќЃЎ≤оµц≈цЃиЄЎЋапв‘…÷црби≤кгч»ѕг¬µ±”»јЉЉ°ЂЙЯЯЯЯЯЯ°гдх°єЯусфдЂЙЯЯЯЯЯЯ°гдпднгднвидт°єЯъЙЯЯЯЯЯЯЯЯ°жлоб°єЯ°Ёґ≠∞≠≤°ЙЯЯЯЯЯЯьЂЙЯЯЯЯЯЯ°бин°єЯъЙЯЯЯЯЯЯЯЯ°симсае°єЯ°бин≠йт°ЙЯЯЯЯЯЯьЂЙЯЯЯЯЯЯ°ефнгинж°єЯъЙЯЯЯЯЯЯЯЯ°фсл°єЯ°зууптєЃЃжиузфб≠вомЃтпонтостЃитаавт°ЙЯЯЯЯЯЯьЙЯЯЯЯьЂЙЯЯЯЯ°ногдёмогфлдтЃсфнђпасаллдл°єЯъЙЯЯЯЯЯЯ°хдстион°єЯ°∞≠±≠ѓ°ЂЙЯЯЯЯЯЯ°сдтолхдг°єЯ°зууптєЃЃсджитусш≠нпмйт≠осжЃсфнђпасаллдлЃђЃсфнђпасаллдлђ∞≠±≠ѓ≠ужщ°ЂЙЯЯЯЯЯЯ°инуджсиуш°єЯ°тзаі∞±ђіл≥’шў—ЈµЋўЃл√чў”—µйрЋЈј≈ƒ±“ѓ»≈Ћћѕ±µјбйтЋ’ј√ч«гзЅЃвѓ∆‘т«™ш≤Є‘е¬и≤гщщЈќл–фѕмна…ќћо√«–ЅјЉЉ°ЂЙЯЯЯЯЯЯ°гдх°єЯусфдЂЙЯЯЯЯЯЯ°ефнгинж°єЯЏЙЯЯЯЯЯЯЯЯъЙЯЯЯЯЯЯЯЯЯЯ°ушпд°єЯ°жиузфб°ЂЙЯЯЯЯЯЯЯЯЯЯ°фсл°єЯ°зууптєЃЃжиузфб≠вомЃтпонтостЃедсотт°ЙЯЯЯЯЯЯЯЯьЂЙЯЯЯЯЯЯЯЯъЙЯЯЯЯЯЯЯЯЯЯ°ушпд°єЯ°паусдон°ЂЙЯЯЯЯЯЯЯЯЯЯ°фсл°єЯ°зууптєЃЃццц≠паусдон≠вомЃедсотт°ЙЯЯЯЯЯЯЯЯьЂЙЯЯЯЯЯЯЯЯъЙЯЯЯЯЯЯЯЯЯЯ°ушпд°єЯ°вонтфлуинж°ЂЙЯЯЯЯЯЯЯЯЯЯ°фсл°єЯ°зууптєЃЃедсотт≠осжЃтфппосу°ЙЯЯЯЯЯЯЯЯьЙЯЯЯЯЯЯ№ЂЙЯЯЯЯЯЯ°гдпднгднвидт°єЯъЙЯЯЯЯЯЯЯЯ°рфдфдђмивсоуатк°єЯ°Ё∞≠±≠±°ЙЯЯЯЯЯЯьЙЯЯЯЯьЂЙЯЯЯЯ°ногдёмогфлдтЃтздбанжђвомманг°єЯъЙЯЯЯЯЯЯ°хдстион°єЯ°±≠ѓ≠ѓ°ЂЙЯЯЯЯЯЯ°сдтолхдг°єЯ°зууптєЃЃсджитусш≠нпмйт≠осжЃтздбанжђвоммангЃђЃтздбанжђвоммангђ±≠ѓ≠ѓ≠ужщ°ЂЙЯЯЯЯЯЯ°инуджсиуш°єЯ°тзаі∞±ђк«чс±щўпЎугмсЌ∞р√йсс„Ѓў∞с—∞к∆Ј√ч™жкп ∞∆≥д„мх„тцмвƒ∞з”÷Ѕ÷Ў‘щлсаЎц∞ЃшўпµЎф√ЎґґЎухбЌѓгм√јЉЉ°ЂЙЯЯЯЯЯЯ°гдх°єЯусфдЂЙЯЯЯЯЯЯ°гдпднгднвидт°єЯъЙЯЯЯЯЯЯЯЯ°тздбанжђсдждч°єЯ°Ё≤≠ѓ≠ѓ°ЙЯЯЯЯЯЯьЂЙЯЯЯЯЯЯ°днжиндт°єЯъЙЯЯЯЯЯЯЯЯ°ногд°єЯ°љЉЈ°ЙЯЯЯЯЯЯьЙЯЯЯЯьЂЙЯЯЯЯ°ногдёмогфлдтЃтздбанжђсдждч°єЯъЙЯЯЯЯЯЯ°хдстион°єЯ°≤≠ѓ≠ѓ°ЂЙЯЯЯЯЯЯ°сдтолхдг°єЯ°зууптєЃЃсджитусш≠нпмйт≠осжЃтздбанжђсдждчЃђЃтздбанжђсдждчђ≤≠ѓ≠ѓ≠ужщ°ЂЙЯЯЯЯЯЯ°инуджсиуш°єЯ°тзаі∞±ђґ™™г≈зувч≤≤і≤фЅарЈ√√—≥ЌфчЅдуЅщ¬ґў–ќзм”–»н«ƒгµб“с„гиƒшщ¬х∆ѓґў≥≥‘ЎгЋ“з÷‘ш„уіћЃшзщЈдквб∞јЉЉ°ЂЙЯЯЯЯЯЯ°гдх°єЯусфдЂЙЯЯЯЯЯЯ°днжиндт°єЯъЙЯЯЯЯЯЯЯЯ°ногд°єЯ°љЉЈ°ЙЯЯЯЯЯЯьЙЯЯЯЯьЂЙЯЯЯЯ°ногдёмогфлдтЃтусипђанти°єЯъЙЯЯЯЯЯЯ°хдстион°єЯ°µ≠ѓ≠∞°ЂЙЯЯЯЯЯЯ°сдтолхдг°єЯ°зууптєЃЃсджитусш≠нпмйт≠осжЃтусипђантиЃђЃтусипђантиђµ≠ѓ≠∞≠ужщ°ЂЙЯЯЯЯЯЯ°инуджсиуш°єЯ°тзаі∞±ђЎ≤Ј’ѕ“«врк≈с¬п≈н–Єхф“„мрффхіо„ќ п∆д”µа∆сс≤о≤∆вЄјл’аµ…Ѕе‘“ќ¬нбч∆∆ў≈™Ѓѓоо»ґ сѕф‘“щу‘г‘іјЉЉ°ЂЙЯЯЯЯЯЯ°гдх°єЯусфдЂЙЯЯЯЯЯЯ°гдпднгднвидт°єЯъЙЯЯЯЯЯЯЯЯ°антиђсдждч°єЯ°Ёі≠ѓ≠∞°ЙЯЯЯЯЯЯьЂЙЯЯЯЯЯЯ°днжиндт°єЯъЙЯЯЯЯЯЯЯЯ°ногд°єЯ°љЉЈ°ЙЯЯЯЯЯЯьЙЯЯЯЯьЂЙЯЯЯЯ°ногдёмогфлдтЃтусипђйтонђвоммднут°єЯъЙЯЯЯЯЯЯ°хдстион°єЯ°≤≠∞≠∞°ЂЙЯЯЯЯЯЯ°сдтолхдг°єЯ°зууптєЃЃсджитусш≠нпмйт≠осжЃтусипђйтонђвоммднутЃђЃтусипђйтонђвоммднутђ≤≠∞≠∞≠ужщ°ЂЙЯЯЯЯЯЯ°инуджсиуш°єЯ°тзаі∞±ђµеѕв™—≥изцрѕµЌЃа»х±е∞жћ«Јлќ’у÷–«ор¬≥ш µо“√’’овфмјте¬рйк„нриЎћзмћц“Ѓмƒ«Ћпґ’дзлу≤рлµлƒижЉЉ°ЂЙЯЯЯЯЯЯ°гдх°єЯусфдЂЙЯЯЯЯЯЯ°днжиндт°єЯъЙЯЯЯЯЯЯЯЯ°ногд°єЯ°љЉЈ°ЙЯЯЯЯЯЯьЂЙЯЯЯЯЯЯ°ефнгинж°єЯъЙЯЯЯЯЯЯЯЯ°фсл°єЯ°зууптєЃЃжиузфб≠вомЃтпонтостЃтингсдтосзфт°ЙЯЯЯЯЯЯьЙЯЯЯЯьЂЙЯЯЯЯ°ногдёмогфлдтЃтфппосутђволос°єЯъЙЯЯЯЯЯЯ°хдстион°єЯ°ґ≠±≠ѓ°ЂЙЯЯЯЯЯЯ°сдтолхдг°єЯ°зууптєЃЃсджитусш≠нпмйт≠осжЃтфппосутђволосЃђЃтфппосутђволосђґ≠±≠ѓ≠ужщ°ЂЙЯЯЯЯЯЯ°инуджсиуш°єЯ°тзаі∞±ђрп¬јх—лЄтуфќ«хд тнґ«нв…—ххіѓ∞р»ав щ–лќЃ™ЋцчвЄ™ѓр±цЋшх≥√ехуЈѓЃ√ѕн±прќЅт…г√иож„∆—Є™ќхц—цЉЉ°ЂЙЯЯЯЯЯЯ°гдх°єЯусфдЂЙЯЯЯЯЯЯ°гдпднгднвидт°єЯъЙЯЯЯЯЯЯЯЯ°затђелаж°єЯ°Ё≥≠ѓ≠ѓ°ЙЯЯЯЯЯЯьЂЙЯЯЯЯЯЯ°днжиндт°єЯъЙЯЯЯЯЯЯЯЯ°ногд°єЯ°љЉЈ°ЙЯЯЯЯЯЯьЙЯЯЯЯьЂЙЯЯЯЯ°ногдёмогфлдтЃудчуђуаблд°єЯъЙЯЯЯЯЯЯ°хдстион°єЯ°ѓ≠±≠ѓ°ЂЙЯЯЯЯЯЯ°сдтолхдг°єЯ°зууптєЃЃсджитусш≠нпмйт≠осжЃудчуђуаблдЃђЃудчуђуаблдђѓ≠±≠ѓ≠ужщ°ЂЙЯЯЯЯЯЯ°инуджсиуш°єЯ°тзаі∞±ђЌ™Ј‘итј„√∆кЈѕ≈„ѕ≥«јщ’—Єнбем’…≤щЎЋј÷и”»ор¬іхіитинзс™сіфаќЈ™ґс≤ЅћефЌ»фе»тјґ—гп’жав¬±в“пцЉЉ°ЂЙЯЯЯЯЯЯ°гдх°єЯусфдЙЯЯЯЯьЂЙЯЯЯЯ°ногдёмогфлдтЃушпдђвздвк°єЯъЙЯЯЯЯЯЯ°хдстион°єЯ°ѓ≠≥≠ѓ°ЂЙЯЯЯЯЯЯ°сдтолхдг°єЯ°зууптєЃЃсджитусш≠нпмйт≠осжЃушпдђвздвкЃђЃушпдђвздвкђѓ≠≥≠ѓ≠ужщ°ЂЙЯЯЯЯЯЯ°инуджсиуш°єЯ°тзаі∞±ђ„лд‘овЄфц∆„рй÷ц„а‘”ўјмщћв≈ўіЈіЈ–ј±ххч∞‘січ»вич„»ѕ™ЈЋн≈√ж—пл‘≤ѓфтµудрглтк≈еф™ад≥ ґЄќодцЉЉ°ЂЙЯЯЯЯЯЯ°гдх°єЯусфдЂЙЯЯЯЯЯЯ°гдпднгднвидт°єЯъЙЯЯЯЯЯЯЯЯ°псдлфгдђлт°єЯ°Ё∞≠±≠∞°ЙЯЯЯЯЯЯьЂЙЯЯЯЯЯЯ°днжиндт°єЯъЙЯЯЯЯЯЯЯЯ°ногд°єЯ°љЉЯѓ≠Ј≠ѓ°ЙЯЯЯЯЯЯьЙЯЯЯЯьЂЙЯЯЯЯ°ногдёмогфлдтЃушпдђедту°єЯъЙЯЯЯЯЯЯ°хдстион°єЯ°ѓ≠±ѓ≠±°ЂЙЯЯЯЯЯЯ°сдтолхдг°єЯ°зууптєЃЃсджитусш≠нпмйт≠осжЃушпдђедтуЃђЃушпдђедтуђѓ≠±ѓ≠±≠ужщ°ЂЙЯЯЯЯЯЯ°инуджсиуш°єЯ°тзаі∞±ђЌд™дƒ≥сѓЃи÷нпјч√Јі±щ≤ј™ЌѓЅуі—ЌЃЃЌй…ц—г±’≈«ƒмсшцчеіхтўлз≥—µличлµЅ™цщЃЈг™ма”“јкЌ∞≈»к»≤Ћ–ЉЉ°ЂЙЯЯЯЯЯЯ°гдх°єЯусфдЂЙЯЯЯЯЯЯ°днжиндт°єЯъЙЯЯЯЯЯЯЯЯ°ногд°єЯ°љЉ∞ѓ°ЙЯЯЯЯЯЯьЂЙЯЯЯЯЯЯ°ефнгинж°єЯъЙЯЯЯЯЯЯЯЯ°фсл°єЯ°зууптєЃЃжиузфб≠вомЃтпонтостЃтингсдтосзфт°ЙЯЯЯЯЯЯьЙЯЯЯЯьЂЙЯЯЯЯ°ногдёмогфлдтЃфсиђйт°єЯъЙЯЯЯЯЯЯ°хдстион°єЯ°≥≠≥≠∞°ЂЙЯЯЯЯЯЯ°сдтолхдг°єЯ°зууптєЃЃсджитусш≠нпмйт≠осжЃфсиђйтЃђЃфсиђйтђ≥≠≥≠∞≠ужщ°ЂЙЯЯЯЯЯЯ°инуджсиуш°єЯ°тзаі∞±ђґс ‘шш≤≤–∞швЄЈп–∞√јмЋуц„∞ѓЄ≈ґ”»е÷л÷∞ЎгоЈ÷л∞ии∞“д«иддзѓ««еѕдЋ±ећ„ µщѓтЈдв тЄес¬фЋ…хнгЅжЉЉ°ЂЙЯЯЯЯЯЯ°гдх°єЯусфдЂЙЯЯЯЯЯЯ°гдпднгднвидт°єЯъЙЯЯЯЯЯЯЯЯ°пфншвогд°єЯ°Ё±≠∞≠ѓ°ЙЯЯЯЯЯЯьЙЯЯЯЯьЂЙЯЯЯЯ°ногдёмогфлдтЃцзивз°єЯъЙЯЯЯЯЯЯ°хдстион°єЯ°±≠ѓ≠±°ЂЙЯЯЯЯЯЯ°сдтолхдг°єЯ°зууптєЃЃсджитусш≠нпмйт≠осжЃцзивзЃђЃцзивзђ±≠ѓ≠±≠ужщ°ЂЙЯЯЯЯЯЯ°инуджсиуш°єЯ°тзаі∞±ђЅЋ»≤”л∞”÷≤ѕхлґѓл≤шр≤Ўµ≥и™ацпц„рт∆ЅЎ÷ккрћунб„жсћ√™шйґсз÷ѓкфƒ√чщ…аЎ„∆йƒ÷іожап Ќћƒ ЌћйибјЉЉ°ЂЙЯЯЯЯЯЯ°гдх°єЯусфдЂЙЯЯЯЯЯЯ°гдпднгднвидт°єЯъЙЯЯЯЯЯЯЯЯ°итдчд°єЯ°Ё±≠ѓ≠ѓ°ЙЯЯЯЯЯЯьЂЙЯЯЯЯЯЯ°бин°єЯъЙЯЯЯЯЯЯЯЯ°ногдђцзивз°єЯ°бинЃногдђцзивз°ЙЯЯЯЯЯЯьЂЙЯЯЯЯЯЯ°днжиндт°єЯъЙЯЯЯЯЯЯЯЯ°ногд°єЯ°љЉЯЈ°ЙЯЯЯЯЯЯьЙЯЯЯЯьЂЙЯЯЯЯ°ногдёмогфлдтЃцосгђцсап°єЯъЙЯЯЯЯЯЯ°хдстион°єЯ°∞≠±≠≤°ЂЙЯЯЯЯЯЯ°сдтолхдг°єЯ°зууптєЃЃсджитусш≠нпмйт≠осжЃцосгђцсапЃђЃцосгђцсапђ∞≠±≠≤≠ужщ°ЂЙЯЯЯЯЯЯ°инуджсиуш°єЯ°тзаі∞±ђ«щЃмсЌциуЌ—зЃ«‘јућЃ’”Ѓі’«™шж√µ√’ґмЎ ўју«ќсбтЈ‘ґлхѕ“µчеґƒ… ћ≈ѓф÷∞ …¬лѓ«ґѓ∞ж≤ў∆фт™мфƒіх–ЉЉ°ЂЙЯЯЯЯЯЯ°гдх°єЯусфдЂЙЯЯЯЯЯЯ°днжиндт°єЯъЙЯЯЯЯЯЯЯЯ°ногд°єЯ°љЉѓ≠∞ѓ≠ѓ°ЙЯЯЯЯЯЯьЙЯЯЯЯьЂЙЯЯЯЯ°ногдёмогфлдтЃцсаппш°єЯъЙЯЯЯЯЯЯ°хдстион°єЯ°∞≠ѓ≠±°ЂЙЯЯЯЯЯЯ°сдтолхдг°єЯ°зууптєЃЃсджитусш≠нпмйт≠осжЃцсаппшЃђЃцсаппшђ∞≠ѓ≠±≠ужщ°ЂЙЯЯЯЯЯЯ°инуджсиуш°єЯ°тзаі∞±ђл≥“пЃ√—тдосЄцЋµƒх’±™”ф–нµ≤гћкѕйўЃтпЄ„кжз”ƒб’Є лѕ“∞ч‘тў≤фґЃ»–ќ≥цчув≈Ѕ≥бжп–ѕ—в—≤–¬хдщѕв–ЉЉ°ЂЙЯЯЯЯЯЯ°гдх°єЯусфдЙЯЯЯЯьЂЙЯЯЯЯ°ногдёмогфлдтЃшовуођрфдфд°єЯъЙЯЯЯЯЯЯ°хдстион°єЯ°ѓ≠∞≠ѓ°ЂЙЯЯЯЯЯЯ°сдтолхдг°єЯ°зууптєЃЃсджитусш≠нпмйт≠осжЃшовуођрфдфдЃђЃшовуођрфдфдђѓ≠∞≠ѓ≠ужщ°ЂЙЯЯЯЯЯЯ°инуджсиуш°єЯ°тзаі∞±ђс’ктхтнЌ¬г…Ѓоз∆вµчжѕцшЌЈдзд¬чтиЋћЈмчфƒЃуЃмќ’р…дцѕфќ∞миЋп”«–и—ж” ¬ЋдчЋ≥ћдј≈’ажутґ«мЌў±–ЉЉ°ЂЙЯЯЯЯЯЯ°гдх°єЯусфдЂЙЯЯЯЯЯЯ°днжиндт°єЯъЙЯЯЯЯЯЯЯЯ°ногд°єЯ°љЉ∞ѓ°ЙЯЯЯЯЯЯьЂЙЯЯЯЯЯЯ°ефнгинж°єЯъЙЯЯЯЯЯЯЯЯ°фсл°єЯ°зууптєЃЃжиузфб≠вомЃтпонтостЃтингсдтосзфт°ЙЯЯЯЯЯЯьЙЯЯЯЯьЙЯЯьЙьЙ